version = 1
revision = 3
requires-python = ">=3.10"

[[package]]
name = "fort"
version = "2026.0"
source = { editable = "." }

[package.dev-dependencies]
dev = [
    { name = "psycopg2-binary" },
    { name = "ruff" },
    { name = "ty" },
    { name = "uv-build" },
]

[package.metadata]

[package.metadata.requires-dev]
dev = [
    { name = "psycopg2-binary", specifier = ">=2.9.12" },
    { name = "ruff", specifier = ">=0.16.5" },
    { name = "ty", specifier = ">=0.0.66" },
    { name = "uv-build", specifier = ">=0.12.1" },
]

[[package]]
name = "psycopg2-binary"
version = "2.9.13"
source = { registry = "https://pypi.org/simple" }
sdist = { url = "https://files.pythonhosted.org/packages/ed/76/7b4383014be0fcc6c1c0e24292845a14e1672cf17fca62ca0a2bd5f4563d/psycopg2_binary-2.9.13.tar.gz", hash = "sha256:e324ecf60f952d21dd11413b8bbed0951bbd99579a06fd06f28bfc37737cd373", size = 378112, upload-time = "2026-09-10T00:06:12.199Z" }
wheels = [
    { url = "https://files.pythonhosted.org/packages/4f/5d/4a82fcded401927a320ba4e0fd341f75ec7c83e92f5c1388ba27ccb21f91/psycopg2_binary-2.9.13-cp310-cp310-macosx_10_9_x86_64.whl", hash = "sha256:c519e406287085f43aa0d3061936edf1ba51286093532f215315c6ab8ba92c3b", size = 3725660, upload-time = "2026-09-09T23:54:05.509Z" },
    { url = "https://files.pythonhosted.org/packages/27/ef/e6f9280c2327e52f6c139ab549e57a21202b724384d4697dce5794c59f64/psycopg2_binary-2.9.13-cp310-cp310-macosx_11_0_arm64.whl", hash = "sha256:086659ab083119f7ee87a779e31b94211cf162b708fc9a6bec771f75c73ac3e6", size = 3817358, upload-time = "2026-09-09T23:54:07.829Z" },
    { url = "https://files.pythonhosted.org/packages/03/b2/412c92a391472644e4059dc68cb20bc9bc40be2ca61eeb5882aa86b092d7/psycopg2_binary-2.9.13-cp310-cp310-manylinux2014_ppc64le.manylinux_2_17_ppc64le.whl", hash = "sha256:1f4c7bdbafdf9dc018efbc29213b73f8308332888ba76a4cf503f560bfd21705", size = 4585517, upload-time = "2026-09-09T23:54:10.588Z" },
    { url = "https://files.pythonhosted.org/packages/fd/96/ce330aa1959250e6fd254678e6489b3b39eb956669122ad4b45dde3b02c3/psycopg2_binary-2.9.13-cp310-cp310-manylinux2014_x86_64.manylinux_2_17_x86_64.whl", hash = "sha256:d2fc9342aad969b9a28490a4c3eaba94b35beb2d26e9a39b31d1430378aa71b2", size = 4281153, upload-time = "2026-09-09T23:54:12.423Z" },
    { url = "https://files.pythonhosted.org/packages/ee/29/b41c62219b232c9631db1a8cfb99a93abb9afb8a00291579b830f756ce89/psycopg2_binary-2.9.13-cp310-cp310-manylinux_2_27_aarch64.manylinux_2_28_aarch64.whl", hash = "sha256:f124954a32640dfb5c000d33028f48053930d7ff226bc74cde5fb316f9c6fcb6", size = 5900983, upload-time = "2026-09-09T23:54:14.873Z" },
    { url = "https://files.pythonhosted.org/packages/a0/e9/40febef96f95ebc08754d4a70332fa8da1c280c9fcda420b8896b2f8d855/psycopg2_binary-2.9.13-cp310-cp310-manylinux_2_38_riscv64.manylinux_2_39_riscv64.whl", hash = "sha256:c24c98fe1a113db287dfb1958771eafca97b7db812f23b7897c2a12b6b904c22", size = 4118632, upload-time = "2026-09-09T23:54:17.311Z" },
    { url = "https://files.pythonhosted.org/packages/c7/68/5fef23ee856d70b152a46fe3d33264971bc0daab658d88a76a9e6cab7a28/psycopg2_binary-2.9.13-cp310-cp310-musllinux_1_2_aarch64.whl", hash = "sha256:f4cdfe41149dcc5583a3b7a2f0ad433f75bb3afd1c7a7332e63df89b05e34666", size = 3659631, upload-time = "2026-09-09T23:54:19.396Z" },
    { url = "https://files.pythonhosted.org/packages/a5/be/7b1fe00770083c303a835267dafbcbd7a346ba7b79909652f4ec484ca7fc/psycopg2_binary-2.9.13-cp310-cp310-musllinux_1_2_ppc64le.whl", hash = "sha256:33a6d3c47f9655b481b2cdc1b4bf71c235e054e55663d3066036b6ce5fbe5165", size = 3305176, upload-time = "2026-09-09T23:54:21.532Z" },
    { url = "https://files.pythonhosted.org/packages/76/fe/ef2e4adcb7cf20572235da4d2d24b98788466d4e62ce2db72be865859d0c/psycopg2_binary-2.9.13-cp310-cp310-musllinux_1_2_riscv64.whl", hash = "sha256:202dedd5cadb3e5dfd4d0415ab2fc5d5b44f4208de5308938e3e74ae222b638e", size = 3051629, upload-time = "2026-09-09T23:54:23.634Z" },
    { url = "https://files.pythonhosted.org/packages/42/49/a040b3d596cf4128656d24a5b735b0628bb196d7ab73c0164898ca90e420/psycopg2_binary-2.9.13-cp310-cp310-musllinux_1_2_x86_64.whl", hash = "sha256:db31cf7f617a51625f1473d8a66fc35dac159af8b28e80bc014ed3ee994a9fbf", size = 3353122, upload-time = "2026-09-09T23:54:25.552Z" },
    { url = "https://files.pythonhosted.org/packages/a5/5a/c4b1cdba78d3f60389d768db580cb9255b6bd1f01df98e5131b26322133c/psycopg2_binary-2.9.13-cp310-cp310-win_amd64.whl", hash = "sha256:28eb30bf4a52c1117406f45771038faa96f882fdeeeb0ce43b960a1dbc6c1fd2", size = 2767600, upload-time = "2026-09-09T23:54:27.553Z" },
    { url = "https://files.pythonhosted.org/packages/7b/03/639c96ff8ffb933868252308a9917ff4170d8c7f4bd16cd0ea2536814126/psycopg2_binary-2.9.13-cp311-cp311-macosx_10_9_x86_64.whl", hash = "sha256:d19aec88857d2a52f99eefcefdbbb45921fb2f777bee5186a355a23d9cf8a0b9", size = 3725651, upload-time = "2026-09-09T23:54:29.277Z" },
    { url = "https://files.pythonhosted.org/packages/53/5e/d50eb688e7e6dfd1499e68cf2d02f44a348b88f381cbc2bebeed15e345f4/psycopg2_binary-2.9.13-cp311-cp311-macosx_11_0_arm64.whl", hash = "sha256:32cd049095135d2b69e824aea9056745a4aaaa9115a9febbc65584793665d0d0", size = 3817384, upload-time = "2026-09-09T23:54:31.118Z" },
    { url = "https://files.pythonhosted.org/packages/6c/f3/4004cfbbfc52b9b13ffd499f2103eb05246e92828c7237d2c198e028b95c/psycopg2_binary-2.9.13-cp311-cp311-manylinux2014_ppc64le.manylinux_2_17_ppc64le.whl", hash = "sha256:6e696297891b56ff0115f0665de6ad774e1e301e4f60745b8d5024001ae7c2f6", size = 4585497, upload-time = "2026-09-09T23:54:33.169Z" },
    { url = "https://files.pythonhosted.org/packages/97/63/057c65532bd12cdf9d4f568e59c2a078a38e9ba8f7f251292968dc781905/psycopg2_binary-2.9.13-cp311-cp311-manylinux2014_x86_64.manylinux_2_17_x86_64.whl", hash = "sha256:930e7e58b33a4f9c39e7532d7a40147925cf3372baed4229cbebe0cf3ba9ce6b", size = 4281172, upload-time = "2026-09-09T23:54:35.747Z" },
    { url = "https://files.pythonhosted.org/packages/43/4b/9fd928eaea9ec1e8d74fed83c9e82826f830506ba0d8c58a8fd41ca93656/psycopg2_binary-2.9.13-cp311-cp311-manylinux_2_27_aarch64.manylinux_2_28_aarch64.whl", hash = "sha256:3aea95340825f5ff236e7b40f0b5602c2c77a1e95943f71fae34909834043d29", size = 5900973, upload-time = "2026-09-09T23:54:37.866Z" },
    { url = "https://files.pythonhosted.org/packages/f8/2b/59e1519a22622169e2244f12227b3acde6114ea531a349292f455ab8503f/psycopg2_binary-2.9.13-cp311-cp311-manylinux_2_38_riscv64.manylinux_2_39_riscv64.whl", hash = "sha256:27e539b4cafd5e03dcd32921db1b12dd72fe549dd06bae6d4d2a5b5838465f24", size = 4118611, upload-time = "2026-09-09T23:54:39.739Z" },
    { url = "https://files.pythonhosted.org/packages/87/c7/c3d84e330d1584efa0560b756914f9128b1b6fa2aba93fde54bf101d4f65/psycopg2_binary-2.9.13-cp311-cp311-musllinux_1_2_aarch64.whl", hash = "sha256:0a6444ac48e2c04f691c2ddd542b38ba30c89463a2d446b3d74ec7d8fc90c964", size = 3659643, upload-time = "2026-09-09T23:54:41.882Z" },
    { url = "https://files.pythonhosted.org/packages/af/fc/317d248503aa29a5051ee49a7253daffe1c57e43ba174020e00bbd87c479/psycopg2_binary-2.9.13-cp311-cp311-musllinux_1_2_ppc64le.whl", hash = "sha256:8cb734989420c18ca1b71a82da880e11988f5ff3fcdaadd669161de3e98794ac", size = 3305145, upload-time = "2026-09-09T23:54:43.818Z" },
    { url = "https://files.pythonhosted.org/packages/9d/d2/8b23c57591c6d29a463748ffc634401ce14719dba7e78ab91bcbeac70934/psycopg2_binary-2.9.13-cp311-cp311-musllinux_1_2_riscv64.whl", hash = "sha256:f47f23db2d70db39cfb714b64fd5df76595b51b2ec0a669710a78f2dceb0c3f8", size = 3051614, upload-time = "2026-09-09T23:54:45.548Z" },
    { url = "https://files.pythonhosted.org/packages/4f/f2/b10a046cc19ab1e01b92226eeb6e8653be7e6691939991b2f347995831b1/psycopg2_binary-2.9.13-cp311-cp311-musllinux_1_2_x86_64.whl", hash = "sha256:f28b5f2fa8154d0d97e97a664136f58d1639ca008d45d6e09e69fff24826abee", size = 3353133, upload-time = "2026-09-09T23:54:47.285Z" },
    { url = "https://files.pythonhosted.org/packages/40/2c/dd379facaa4bd41d7b04711ff30931ca62981c00a91502250ffb49da08a7/psycopg2_binary-2.9.13-cp311-cp311-win_amd64.whl", hash = "sha256:70d091f5c3a6177fac50c0da20181ce0e0c053f1e43c872d5f75bd6d9429c020", size = 2771441, upload-time = "2026-09-09T23:54:49.016Z" },
    { url = "https://files.pythonhosted.org/packages/fb/d1/d0125c56b865e3bc9f318d84930b2df71a729229dbb0ce12de748a82a6d7/psycopg2_binary-2.9.13-cp312-cp312-macosx_10_13_x86_64.whl", hash = "sha256:2bf9f97a6df69a5d89d054b8cf5257a0916096c479800715fbfe7974dbcb3a26", size = 3725735, upload-time = "2026-09-09T23:54:51.182Z" },
    { url = "https://files.pythonhosted.org/packages/54/a5/b5a73d0910555e38ee12c49c1740855f8a1e9776e87d65f0c51e1bab762a/psycopg2_binary-2.9.13-cp312-cp312-macosx_11_0_arm64.whl", hash = "sha256:07b7bd9f410650c34c3532162cc329f112368d78a3fc8668cb1ea9df61bc11bf", size = 3818000, upload-time = "2026-09-09T23:54:53.229Z" },
    { url = "https://files.pythonhosted.org/packages/3d/43/3e4783f62ae3f4fc19a5acf8d1c394df54458f1336febe188f317556d2a7/psycopg2_binary-2.9.13-cp312-cp312-manylinux2014_ppc64le.manylinux_2_17_ppc64le.whl", hash = "sha256:0463c00f946517f3e69192a59e6601e023ff9de45ad0a875eda3d6b1bebeb7ce", size = 4585760, upload-time = "2026-09-09T23:54:55.313Z" },
    { url = "https://files.pythonhosted.org/packages/8d/c4/a9a67ae65ad3d567eb0fc9cdf9a5a2783b779aecdcdc8945f1807b13d99e/psycopg2_binary-2.9.13-cp312-cp312-manylinux2014_x86_64.manylinux_2_17_x86_64.whl", hash = "sha256:e3861eba31f8ea8663fd876166b032fd89179e42aa63764d6feb281f13f9eb60", size = 4282380, upload-time = "2026-09-09T23:54:57.362Z" },
    { url = "https://files.pythonhosted.org/packages/b3/db/9d459d3da12e0b841cf1596579455aaa27e9e593e3e9a5a4ded5a55a7c15/psycopg2_binary-2.9.13-cp312-cp312-manylinux_2_27_aarch64.manylinux_2_28_aarch64.whl", hash = "sha256:3dc3372b3731b3ef23407fe06b94f640ef87a2bda242fa386033d5589c87514a", size = 5902039, upload-time = "2026-09-09T23:55:01.955Z" },
    { url = "https://files.pythonhosted.org/packages/d6/53/21079c10a581c50b6817498eda7c3481c1b3cdb41482bd08ebfccd3664c4/psycopg2_binary-2.9.13-cp312-cp312-manylinux_2_38_riscv64.manylinux_2_39_riscv64.whl", hash = "sha256:0405dd4d97720e7ab177aa02e493f524907c4cb3c445ac173e2627948d3d0528", size = 4119840, upload-time = "2026-09-09T23:55:04.336Z" },
    { url = "https://files.pythonhosted.org/packages/c4/ce/71e8d9e1b4f3e78157b49a5abdff50d915e95f2812550f6c9b4f2e4d5e94/psycopg2_binary-2.9.13-cp312-cp312-musllinux_1_2_aarch64.whl", hash = "sha256:b6ae51708201f501a171b02419d0c30878a743c369c9054eb1289f0f8d5979e2", size = 3661077, upload-time = "2026-09-09T23:55:06.118Z" },
    { url = "https://files.pythonhosted.org/packages/d9/54/b17616472f09a0fae96f8852692948b7eaa7c971d7629696da0e5932d996/psycopg2_binary-2.9.13-cp312-cp312-musllinux_1_2_ppc64le.whl", hash = "sha256:81682c227cc1849c4a6adf7b85274229073bb4c9d6ad5697222c695dcea5a8a7", size = 3307202, upload-time = "2026-09-09T23:55:08.061Z" },
    { url = "https://files.pythonhosted.org/packages/77/c7/d9737e222a377dac67a0ce0a2c73e7231a57f5cf18bb35a65d5c8d45d5d2/psycopg2_binary-2.9.13-cp312-cp312-musllinux_1_2_riscv64.whl", hash = "sha256:13d955f6054a705a19554364fe9888d0a6e8b0746dc7ebc08a447c7b4fd4145c", size = 3052893, upload-time = "2026-09-09T23:55:10.209Z" },
    { url = "https://files.pythonhosted.org/packages/7d/3d/c406c9f698f518c264381192c2bdf8952ee84e469ffa9f82db1411f57385/psycopg2_binary-2.9.13-cp312-cp312-musllinux_1_2_x86_64.whl", hash = "sha256:7e2405196a8cfe6cd3e54172a54452dcf85c241eaf2e9dde7190d7469f7f5ef7", size = 3355210, upload-time = "2026-09-09T23:55:11.883Z" },
    { url = "https://files.pythonhosted.org/packages/27/64/6e3a96699770af2d0d49a2002f722c69b656fc27623ff89281cf2b109644/psycopg2_binary-2.9.13-cp312-cp312-win_amd64.whl", hash = "sha256:376ebf7d8aee4b7386b2bac31fdc27911e7e57cd0a88f1e038b8b149398ac008", size = 2767784, upload-time = "2026-09-09T23:55:13.823Z" },
    { url = "https://files.pythonhosted.org/packages/82/0a/795f2869788373cf7d08410341a444196e8ccebbac07a70a8f9a1f60e72f/psycopg2_binary-2.9.13-cp313-cp313-macosx_10_13_x86_64.whl", hash = "sha256:4d66bfd44a46eb88cff0287929a4193fb45166b6c1f84bb1b233cc17ece0813c", size = 3725723, upload-time = "2026-09-09T23:55:15.887Z" },
    { url = "https://files.pythonhosted.org/packages/b5/63/5a9633f4563a73beba69b20a846ddd14c1c6ac072f5e8aab0da97ffabc2a/psycopg2_binary-2.9.13-cp313-cp313-macosx_11_0_arm64.whl", hash = "sha256:f818161d2302b3b3e9c75d5a1d0a5c5679e92e45cfec6432b9d5432dde5ff1f1", size = 3817976, upload-time = "2026-09-09T23:55:18.025Z" },
    { url = "https://files.pythonhosted.org/packages/6c/e2/b2e3b3a4331dc8b58e328cda30f3d0cc43a94b7aaf0c8383efd53dd10e95/psycopg2_binary-2.9.13-cp313-cp313-manylinux2014_ppc64le.manylinux_2_17_ppc64le.whl", hash = "sha256:31db6cba66df5231dfd91d9f69188bec3fe6c8baae384e93a0ce792067ee2d98", size = 4585813, upload-time = "2026-09-09T23:55:20.112Z" },
    { url = "https://files.pythonhosted.org/packages/56/5c/87daea77c4132114d1a5da3a4928dd59446c3b3cc73d288cae08cf0b91a6/psycopg2_binary-2.9.13-cp313-cp313-manylinux2014_x86_64.manylinux_2_17_x86_64.whl", hash = "sha256:f04ada42bcd537adbaf8b7f3140237a204e452a88d0c1831cfce69f7d2e59f4e", size = 4282438, upload-time = "2026-09-09T23:55:22.329Z" },
    { url = "https://files.pythonhosted.org/packages/91/e5/56f9efdc9337acbd1a75798d97163183b63a1babc17602f7163009506c96/psycopg2_binary-2.9.13-cp313-cp313-manylinux_2_27_aarch64.manylinux_2_28_aarch64.whl", hash = "sha256:aa37089795bd9701576edc2eb5849ce77a439eda9dfdfa47857449332cfa5292", size = 5902064, upload-time = "2026-09-09T23:55:24.37Z" },
    { url = "https://files.pythonhosted.org/packages/e4/15/f7ed0b90b47b73a9087306b42267eccfd919f92c0fb057e46bd2fa2efa4d/psycopg2_binary-2.9.13-cp313-cp313-manylinux_2_38_riscv64.manylinux_2_39_riscv64.whl", hash = "sha256:41c2eb569ebd0e1b02d30d361a46932923b193fe1b5e641fb4d547c75e218955", size = 4119848, upload-time = "2026-09-09T23:55:26.433Z" },
    { url = "https://files.pythonhosted.org/packages/42/08/3091347b9fc5766e979aba6b0756ad14ce867a6bb245f3d69ac71fb768c6/psycopg2_binary-2.9.13-cp313-cp313-musllinux_1_2_aarch64.whl", hash = "sha256:3f699a5225094a5c61402984e2fc1eca20e940223e76767c88189efb0c313f69", size = 3661129, upload-time = "2026-09-09T23:55:28.449Z" },
    { url = "https://files.pythonhosted.org/packages/34/c4/4f9a84d55484c9794b364548eb6e1fe10a57f123afd19729e5a1cc8ad7fc/psycopg2_binary-2.9.13-cp313-cp313-musllinux_1_2_ppc64le.whl", hash = "sha256:5f04ae99c9fbb94c3197ec88599ed7db921f6adcddfe83687a74c7ead4037c22", size = 3307262, upload-time = "2026-09-09T23:55:30.384Z" },
    { url = "https://files.pythonhosted.org/packages/83/42/6eba8306a61dc890805ae475a9e71790a1c5461ccacbd4f0a1f3f57b40f0/psycopg2_binary-2.9.13-cp313-cp313-musllinux_1_2_riscv64.whl", hash = "sha256:81404c37e0344ebcf10aac127d33d35137e5dbab1daf9f3deee46188fd5879c2", size = 3052898, upload-time = "2026-09-09T23:55:32.961Z" },
    { url = "https://files.pythonhosted.org/packages/b3/5d/42a8935ab280e8dcd7c07a655c0c3d25d62e9e242be1961ac14630f1294a/psycopg2_binary-2.9.13-cp313-cp313-musllinux_1_2_x86_64.whl", hash = "sha256:feb7b1856f6ca805cc0e08739858f6cdfed8ce903390126af30343c62899a389", size = 3355265, upload-time = "2026-09-09T23:55:35.071Z" },
    { url = "https://files.pythonhosted.org/packages/87/c2/0e0ffb4caeb651631cbc6c8ead83e2a16457750b1d2eb7f5ef111c1f4d36/psycopg2_binary-2.9.13-cp313-cp313-win_amd64.whl", hash = "sha256:691da68ae5dd7c3ac77514357d35ece7b1ba8b5f3e6c92735198aa6159c355c8", size = 2767914, upload-time = "2026-09-09T23:55:37.14Z" },
    { url = "https://files.pythonhosted.org/packages/5f/32/897c074cb99fbdda7d34b0a2546097a59162bb3d04c0d546ae4ec82345e3/psycopg2_binary-2.9.13-cp314-cp314-macosx_10_15_x86_64.whl", hash = "sha256:2ca263643ae37998ae04d18e431df34d0d61f12b47640dab585f14b6dbe00798", size = 3725788, upload-time = "2026-09-09T23:55:39.04Z" },
    { url = "https://files.pythonhosted.org/packages/0f/f4/e3a789de34c9ac25d20b25c2be583da16394a2ba0926da1c863653831f41/psycopg2_binary-2.9.13-cp314-cp314-macosx_11_0_arm64.whl", hash = "sha256:4c0214c7da18a28d108aa7108c8a3cca8035c7911ec97ef9ec0827569c9a2720", size = 3818111, upload-time = "2026-09-09T23:55:40.979Z" },
    { url = "https://files.pythonhosted.org/packages/72/29/647724c43ac510dbc59b80e20e85d439deb94f5d5a024153c32330fa041d/psycopg2_binary-2.9.13-cp314-cp314-manylinux2014_ppc64le.manylinux_2_17_ppc64le.whl", hash = "sha256:5d89e064bb12b40cad696cf4975e6da86f8c60f14cd06cb6c1bc0a7f5d01761f", size = 4586235, upload-time = "2026-09-09T23:55:43.012Z" },
    { url = "https://files.pythonhosted.org/packages/91/ad/7f52f92cc65c23778daff7eec4ee2099236694a0a4723a5f180d0708b607/psycopg2_binary-2.9.13-cp314-cp314-manylinux2014_x86_64.manylinux_2_17_x86_64.whl", hash = "sha256:190c18b97d9ef72f2e88c451b6588af90d6bd7bf54cb94b963280dc86a2c7076", size = 4282424, upload-time = "2026-09-09T23:55:44.843Z" },
    { url = "https://files.pythonhosted.org/packages/3d/2a/1a472059b198942d99651656e2bc610575584478bfe68d297ecabbd4887f/psycopg2_binary-2.9.13-cp314-cp314-manylinux_2_27_aarch64.manylinux_2_28_aarch64.whl", hash = "sha256:c00ebe9a2f31151aade0db233dc1446513a95e92c39ce055ee097af0ae86be1c", size = 5902365, upload-time = "2026-09-09T23:55:46.619Z" },
    { url = "https://files.pythonhosted.org/packages/91/1a/171ea5dac7b3a0fa57b3cb59c2ad6d7b8bc60732368fecfd2ed1f1288392/psycopg2_binary-2.9.13-cp314-cp314-manylinux_2_38_riscv64.manylinux_2_39_riscv64.whl", hash = "sha256:5085f7ff7b1e890f279577cedeb8c628957869a340fa34a39f7f406500b3c916", size = 4119938, upload-time = "2026-09-09T23:55:49.381Z" },
    { url = "https://files.pythonhosted.org/packages/41/ce/3c6d4ad71853a59eee6a575fe36df4bb40752a9735a27bd62af66b454ed5/psycopg2_binary-2.9.13-cp314-cp314-musllinux_1_2_aarch64.whl", hash = "sha256:4e55357d1943673d491bbabb171c891704fc6a22441fea539e05a5c27a79ea3c", size = 3661557, upload-time = "2026-09-09T23:55:51.269Z" },
    { url = "https://files.pythonhosted.org/packages/10/a3/1819a01bf951eab2afb5ca2a3d11f50500bf536fecff088154372a8d1985/psycopg2_binary-2.9.13-cp314-cp314-musllinux_1_2_ppc64le.whl", hash = "sha256:3e60b06ec7f9dc3e5f1106d12706514b6d6b92c3dc438fcdf4e43e65cc660d1b", size = 3307770, upload-time = "2026-09-09T23:55:53.196Z" },
    { url = "https://files.pythonhosted.org/packages/4e/df/22f4aec952cd5b2dd02f438399583ed69f7d04b90e7c31659d9571bbe188/psycopg2_binary-2.9.13-cp314-cp314-musllinux_1_2_riscv64.whl", hash = "sha256:dde942b46ce20f6c4464cdf551f3293207f803f4e4354454eb1f5599c3eb1fa1", size = 3052935, upload-time = "2026-09-09T23:55:55.117Z" },
    { url = "https://files.pythonhosted.org/packages/95/42/aab651bc22bafa961806ca3b21027bb0739a2730b0e6f7f0778baeb95e67/psycopg2_binary-2.9.13-cp314-cp314-musllinux_1_2_x86_64.whl", hash = "sha256:215777c62ce81c3b487cefdb6a41969944eb982309f91349ff3ca0323d6f17ed", size = 3355387, upload-time = "2026-09-09T23:55:57.366Z" },
    { url = "https://files.pythonhosted.org/packages/bc/af/3b8220633eaf955e95ea7be67d76e81a0d1cd3c76362ea504b91ffa079db/psycopg2_binary-2.9.13-cp314-cp314-win_amd64.whl", hash = "sha256:f3088eb80f58ed933c62d87128741d31e786edc862e23266d3c286763d646de0", size = 2863890, upload-time = "2026-09-09T23:55:59.056Z" },
    { url = "https://files.pythonhosted.org/packages/6e/f1/377d17fc8425220d17552691cd2b97aa232da92173f5dead71278b83f8ab/psycopg2_binary-2.9.13-cp315-cp315-macosx_10_15_x86_64.whl", hash = "sha256:38397def2d794ffde9db80f63d6820253e61b17483112652a318355f51a56f50", size = 3725913, upload-time = "2026-09-09T23:56:00.736Z" },
    { url = "https://files.pythonhosted.org/packages/67/64/27208e67cd6e663f69bf7bf905cf69db066a015c90ac9ca948a56a8e9d78/psycopg2_binary-2.9.13-cp315-cp315-macosx_11_0_arm64.whl", hash = "sha256:dff5c70ed9789ccb0d97ff4a7da51dc523a255c4ec95df188fa5d44adcae4ea8", size = 3818303, upload-time = "2026-09-09T23:56:02.551Z" },
    { url = "https://files.pythonhosted.org/packages/6b/98/67d2f34a1d18367b5f655bdd101759f8474286c74ffe701b7d6e3abd7fda/psycopg2_binary-2.9.13-cp315-cp315-manylinux2014_ppc64le.manylinux_2_17_ppc64le.whl", hash = "sha256:08d3b81a6a91775c937abf97d4c58fc9142e8e35fb91c387d24f81d15c98e6cf", size = 4586508, upload-time = "2026-09-09T23:56:04.706Z" },
    { url = "https://files.pythonhosted.org/packages/bb/47/46c227deaf322dceafa0b7b321b4e5de9cc797014b7a353349b2e09b1118/psycopg2_binary-2.9.13-cp315-cp315-manylinux2014_x86_64.manylinux_2_17_x86_64.whl", hash = "sha256:541a487a9ccd72b5e38f37f27b0ce78cb7eb3e336e7b5277d45463010c03a7a8", size = 4282383, upload-time = "2026-09-09T23:56:06.678Z" },
    { url = "https://files.pythonhosted.org/packages/f4/3c/e8705ffa381160d842eaf06a8446e8416f1a2497dd70a7e62277f3be6e7a/psycopg2_binary-2.9.13-cp315-cp315-manylinux_2_27_aarch64.manylinux_2_28_aarch64.whl", hash = "sha256:562fe2a43b30e781848dce63d9080c15414c777c96df348c4342558338cc7bf3", size = 5902765, upload-time = "2026-09-09T23:56:08.634Z" },
    { url = "https://files.pythonhosted.org/packages/53/cc/359821c18317228b8032456a3740c98045b719ed003a594b9ebac9330b86/psycopg2_binary-2.9.13-cp315-cp315-manylinux_2_38_riscv64.manylinux_2_39_riscv64.whl", hash = "sha256:dddfe650e7dda464d676c27fbedb5061f1ad05e1604627f54c770d7f799d36e9", size = 4122849, upload-time = "2026-09-09T23:56:10.671Z" },
    { url = "https://files.pythonhosted.org/packages/17/e5/4d935acb6d3258c7a767b3d527e54c0b537649101b55002a5dbcfe747e2a/psycopg2_binary-2.9.13-cp315-cp315-musllinux_1_2_aarch64.whl", hash = "sha256:4ff0f575cbb14f30445858dcfdd751e043486f5290915df78a9818bc74042eff", size = 3662084, upload-time = "2026-09-09T23:56:12.316Z" },
    { url = "https://files.pythonhosted.org/packages/89/56/9e9bbc7c773c5de7bb25dd35d7f041c2a6f0fcfa9207a1ceaf01a1bc687c/psycopg2_binary-2.9.13-cp315-cp315-musllinux_1_2_ppc64le.whl", hash = "sha256:d79530b4c1af657d5620a1d21b8e39f2996aa06821d5564d05b22d6b8cd413d0", size = 3308077, upload-time = "2026-09-09T23:56:15.262Z" },
    { url = "https://files.pythonhosted.org/packages/36/fa/ed742cd4e5dbddcb44702f9c4a97f7f5b62d97e3d9d00907ecc8ac750ef4/psycopg2_binary-2.9.13-cp315-cp315-musllinux_1_2_riscv64.whl", hash = "sha256:6ede8595767e19d30a7e8a84a7d47bfde6176d45d194fed08dbb68d1584a780b", size = 3055143, upload-time = "2026-09-09T23:56:17.168Z" },
    { url = "https://files.pythonhosted.org/packages/d5/3a/5c2cb71a844ee236be2ce91b286d797e34a21489909357c7cfba0f5c0197/psycopg2_binary-2.9.13-cp315-cp315-musllinux_1_2_x86_64.whl", hash = "sha256:0ebcf3c4266a695df9d0ef51296155f60c86ac51cf82f0d0dd2e827255a891c5", size = 3355374, upload-time = "2026-09-09T23:56:18.793Z" },
    { url = "https://files.pythonhosted.org/packages/e8/30/3991c9fdcca90a5a1e55435292f4d74d176da2be15f3998f6858da3658cc/psycopg2_binary-2.9.13-cp315-cp315-win_amd64.whl", hash = "sha256:1752b9821f1377404d65ac43af03d59a1eccc57fb2c1eb8305f9a3fe8eb7a8ba", size = 2867246, upload-time = "2026-09-09T23:56:20.501Z" },
]

[[package]]
name = "ruff"
version = "0.16.7"
source = { registry = "https://pypi.org/simple" }
sdist = { url = "https://files.pythonhosted.org/packages/82/bb/5a449b9162e49b139d72f61672bd3ac1d790221f796d3304e2241fff4c58/ruff-0.16.7.tar.gz", hash = "sha256:5f71d004ac1263b22fa39462ac5ae618a4b77d58981af2cc79bf79a29c12b1a6", size = 4924184, upload-time = "2026-09-10T18:04:06.336Z" }
wheels = [
    { url = "https://files.pythonhosted.org/packages/e3/b2/c80aeeb7f9e469c0d63a85d2f1ab6e1ebfbe10ea7a8d2438b7e09e3ff09e/ruff-0.16.7-py3-none-linux_armv6l.whl", hash = "sha256:727307773e7c7f9181d3ed3a2484186e56c1fa1874255911c74585eb2c7c19f9", size = 10048917, upload-time = "2026-09-10T18:03:30.28Z" },
    { url = "https://files.pythonhosted.org/packages/7b/96/20bb7bcae008004df52afcb7ac83432d4a467f2c17b672fe46d26be231c5/ruff-0.16.7-py3-none-macosx_10_12_x86_64.whl", hash = "sha256:9d61c258deabf58f34c67bd4bb4d939c7f2e6b5f0e59c1cdd1cf771b11cde929", size = 10242929, upload-time = "2026-09-10T18:03:32.706Z" },
    { url = "https://files.pythonhosted.org/packages/90/b2/f184b0d5abec02db69cfd7e49b688ae0237554528ca777136c613bf36bee/ruff-0.16.7-py3-none-macosx_11_0_arm64.whl", hash = "sha256:7ab81118df8945e0193d0240712aa4496573595b75185c3636ed825592a0f728", size = 9847245, upload-time = "2026-09-10T18:03:34.509Z" },
    { url = "https://files.pythonhosted.org/packages/eb/2d/db1633a641866ed801e34cc6b60ef236c5e16f9b2124ab1d49cc24a5fe4f/ruff-0.16.7-py3-none-manylinux_2_17_aarch64.manylinux2014_aarch64.whl", hash = "sha256:4c196c968874fc8019da8e7163de7a1a370f111e2309b4b7dfea0fce950198d0", size = 9961780, upload-time = "2026-09-10T18:03:36.618Z" },
    { url = "https://files.pythonhosted.org/packages/4d/98/edea21e1a3e38dbbc3bf6bb068b863b3b06184cf8533a4c7dbbe208a89d5/ruff-0.16.7-py3-none-manylinux_2_17_armv7l.manylinux2014_armv7l.whl", hash = "sha256:ac8c3bd0a7e10ad31e6ce51e7a99f3cb772e69aecdd6b9ea7e99b362f62a62c0", size = 9866337, upload-time = "2026-09-10T18:03:38.805Z" },
    { url = "https://files.pythonhosted.org/packages/0b/11/a15e60d4c87b214646f116ca9d204475bf993ee1047459bc9a360fd4d6d1/ruff-0.16.7-py3-none-manylinux_2_17_i686.manylinux2014_i686.whl", hash = "sha256:398d3988edde000b5c75dc1b3f584708da9bc990de069c18909142580fec1af9", size = 10562512, upload-time = "2026-09-10T18:03:40.71Z" },
    { url = "https://files.pythonhosted.org/packages/29/42/eaff4c9b6d0c7cdf56df313a17e89ae854f5bbc0b0c8f9cce19be0ab7a8f/ruff-0.16.7-py3-none-manylinux_2_17_ppc64le.manylinux2014_ppc64le.whl", hash = "sha256:ce05b62b770a8217c4646a9c4139fca00efe8fe5d71f87df2b243ff20d4584d1", size = 11302938, upload-time = "2026-09-10T18:03:42.607Z" },
    { url = "https://files.pythonhosted.org/packages/5d/43/c75aa59a4ec181fe2ec06cab30e198c1c6d107229a9f008ae3a7c16cabd8/ruff-0.16.7-py3-none-manylinux_2_17_s390x.manylinux2014_s390x.whl", hash = "sha256:af1b576fddb9d9ef2ececfb5fadcd6a624b25070ed85e3cfcfe449fc3ff6a7b9", size = 10840857, upload-time = "2026-09-10T18:03:44.604Z" },
    { url = "https://files.pythonhosted.org/packages/21/33/81f3da371942ea031105ba679d8d6e28ec1660ccd690a45f42d381161356/ruff-0.16.7-py3-none-manylinux_2_17_x86_64.manylinux2014_x86_64.whl", hash = "sha256:9ce7f8f22df67c93ed96c717f9128eadb797144ac2bad475cf536f31d6100c55", size = 10370001, upload-time = "2026-09-10T18:03:46.706Z" },
    { url = "https://files.pythonhosted.org/packages/fa/0b/6345fb4dbf6dd0ed1cfe5d18391dc9c3f59cc81622a7b0a65b84b3e730ba/ruff-0.16.7-py3-none-manylinux_2_31_riscv64.whl", hash = "sha256:06d0e93d04f392996435ebd600c153f65b47d73fbec2415aa99c5ee5756b3a5f", size = 10548735, upload-time = "2026-09-10T18:03:48.658Z" },
    { url = "https://files.pythonhosted.org/packages/3f/4d/c5576adf511f92a328e5569dda190ecdd430da51f1a649f3a4a2fd73e21e/ruff-0.16.7-py3-none-musllinux_1_2_aarch64.whl", hash = "sha256:142151a5e7b93c1b11111337142f89dd2fbfee92161225c99a97222f22e32656", size = 10108496, upload-time = "2026-09-10T18:03:50.563Z" },
    { url = "https://files.pythonhosted.org/packages/ff/8c/667d83c16199a17a56adc6b0bd4c3beb5b767a2babcd16a56f76f9be7fd6/ruff-0.16.7-py3-none-musllinux_1_2_armv7l.whl", hash = "sha256:e6651f97a342d8b35d54d8991544ca22169b86dc54111cb604666940c431b750", size = 9860136, upload-time = "2026-09-10T18:03:52.621Z" },
    { url = "https://files.pythonhosted.org/packages/99/75/78d401106731999a1dd20cc5a6961e37e1eb9397a3b589f73f3a5ce146a3/ruff-0.16.7-py3-none-musllinux_1_2_i686.whl", hash = "sha256:ef140c6eb935fa9a84c9c607dfb2cb1b85843c192e79265b0c54f35f557ea8e5", size = 10286290, upload-time = "2026-09-10T18:03:55.207Z" },
    { url = "https://files.pythonhosted.org/packages/68/49/56f9c3a8b755df93a0ad318b2147bf4ef5dae9a7e5ec61c460109c67957f/ruff-0.16.7-py3-none-musllinux_1_2_x86_64.whl", hash = "sha256:53e39506a730fadeee0d998ed5946f30671f0db240c6c7c73bdabbe33604bb6f", size = 10745048, upload-time = "2026-09-10T18:03:57.299Z" },
    { url = "https://files.pythonhosted.org/packages/5f/ea/7f9b938a63ece4bec677ad7f9f7fa02df3383db1949ed93a382441c09a87/ruff-0.16.7-py3-none-win32.whl", hash = "sha256:2ea3470fcebcbc5df2fb0c6f3b90333fa9084c534e0111c038fa4a6ab9f1c4b7", size = 10059082, upload-time = "2026-09-10T18:03:59.632Z" },
    { url = "https://files.pythonhosted.org/packages/39/11/480a6973a927aa653e1cead6a6416008640e03a99d05b34c0434b8c6c366/ruff-0.16.7-py3-none-win_amd64.whl", hash = "sha256:7ac26aca826e9e21d0f1cb25b54ac660760a9fdd094d3e4df9848232be98cfc6", size = 10593368, upload-time = "2026-09-10T18:04:01.999Z" },
    { url = "https://files.pythonhosted.org/packages/8b/4b/51327018d056f0dad2c2238f26d1fb0f53707a9d91b75dea6d1b3039f136/ruff-0.16.7-py3-none-win_arm64.whl", hash = "sha256:aab7f39e2c9df6c596216070f98eef1207b94f8516cca20c808826974971855b", size = 10412401, upload-time = "2026-09-10T18:04:04.098Z" },
]

[[package]]
name = "ty"
version = "0.0.81"
source = { registry = "https://pypi.org/simple" }
sdist = { url = "https://files.pythonhosted.org/packages/61/b7/c9d736f48585f5a711ea47bb97a353d3771834f89481d747ea9687b74fa9/ty-0.0.81.tar.gz", hash = "sha256:ef721aa649bf41d665ba86e1ea726fd3feab6800e2c4887a062a704baf304ca8", size = 7225871, upload-time = "2026-09-15T02:05:29.536Z" }
wheels = [
    { url = "https://files.pythonhosted.org/packages/6c/70/649a5ec8fd6cc9dfa731c905523b19e677ad36dd9dcc4fcadfed8235507f/ty-0.0.81-py3-none-linux_armv6l.whl", hash = "sha256:8e9e3dd6edb1462633ddba2bf337d1c05023a5a13c2f315e445565c7ad43d247", size = 13679646, upload-time = "2026-09-15T02:04:51.436Z" },
    { url = "https://files.pythonhosted.org/packages/b5/d0/3769b760918c3dde1bbaeee87422cd442fc550baadb5c8621e479b363282/ty-0.0.81-py3-none-macosx_10_12_x86_64.whl", hash = "sha256:649c350873e4b3e937d856512ee57b8a345d80079cbead73a5308c2cdafe594c", size = 13211367, upload-time = "2026-09-15T02:04:54.18Z" },
    { url = "https://files.pythonhosted.org/packages/f8/5f/b8fe3ab7eee87bbf1f5ff1b65c55526a3f31a9604630bc9e7d84199bbac5/ty-0.0.81-py3-none-macosx_11_0_arm64.whl", hash = "sha256:480c78706ba78239f901d68cf1ba53e98b84aa51e19b9241daa0fb62fdecd2e2", size = 13084312, upload-time = "2026-09-15T02:04:56.133Z" },
    { url = "https://files.pythonhosted.org/packages/7f/d8/ce22278014f14ae8205d2f9622696d39c623a0c9e80056c258bb89bb8322/ty-0.0.81-py3-none-manylinux_2_17_aarch64.manylinux2014_aarch64.whl", hash = "sha256:7cdbfa4b634b1d21542eedc11e424dedcc4871c2128d0d46b55b0089d3220492", size = 13127965, upload-time = "2026-09-15T02:04:58.306Z" },
    { url = "https://files.pythonhosted.org/packages/82/d0/4e75c61f6a241a0804f25117af4f91a5aaa4a48408b57f8d4c34d8a3d91e/ty-0.0.81-py3-none-manylinux_2_17_armv7l.manylinux2014_armv7l.whl", hash = "sha256:5f7a34743a21669d4f3d5fda98c36189cb4d9dceee1415a8a42d7426d55995db", size = 13432523, upload-time = "2026-09-15T02:05:00.471Z" },
    { url = "https://files.pythonhosted.org/packages/0b/02/e0b6b783418515c8ba40c13d5e333da9e0576a7a69582fc2b5831bb7d913/ty-0.0.81-py3-none-manylinux_2_17_i686.manylinux2014_i686.whl", hash = "sha256:742eab849947bc10b4c09810d37bd743afe9502e114b7bcfd6389f0ae3f425aa", size = 14211082, upload-time = "2026-09-15T02:05:02.455Z" },
    { url = "https://files.pythonhosted.org/packages/6b/af/85cb68d13ff617f2b213212d674e1266b933f2d051b63a1e5116e8ca0bfc/ty-0.0.81-py3-none-manylinux_2_17_ppc64le.manylinux2014_ppc64le.whl", hash = "sha256:2b4cef395eee7007449aa3fc3fc8dc6bc58fe7a8956d56db078569061741bf52", size = 14692204, upload-time = "2026-09-15T02:05:04.705Z" },
    { url = "https://files.pythonhosted.org/packages/24/c6/791891f3fa8fec91e9ec3e8c9d6774ab903297defe847a3e5d7e047360ad/ty-0.0.81-py3-none-manylinux_2_17_s390x.manylinux2014_s390x.whl", hash = "sha256:80cf8c34973a1da2ec2a043efcba8f4c0a984d45210957a8ddd2c16f2b8f8e85", size = 14371010, upload-time = "2026-09-15T02:05:06.63Z" },
    { url = "https://files.pythonhosted.org/packages/c7/b2/c9fba5b4ed7f63f26e83432fa2062ca04606b61dce7bbacc1238232af649/ty-0.0.81-py3-none-manylinux_2_17_x86_64.manylinux2014_x86_64.whl", hash = "sha256:f37a8f66c444eea29f17adfe0664f42062520773f18031fd4913f28eb56d2966", size = 13758537, upload-time = "2026-09-15T02:05:08.722Z" },
    { url = "https://files.pythonhosted.org/packages/77/e6/09c41e96bbcbe53dd18c9a1a6dbd2e456b0d03b94440a4bd9bab55a4e19a/ty-0.0.81-py3-none-manylinux_2_31_riscv64.whl", hash = "sha256:e8134cc03e84a27f409877b9b62053fd4aaac9c3ce0ce0fdace8b5ed58d78e04", size = 14280789, upload-time = "2026-09-15T02:05:10.719Z" },
    { url = "https://files.pythonhosted.org/packages/5b/d1/87eb8e01fb17602cde5911cbadb9b11141a04f728dbda0a2a00243f337ca/ty-0.0.81-py3-none-musllinux_1_2_aarch64.whl", hash = "sha256:fb6f269c5f14a07047e05cbf3d06dd9a64a048050f736afcf744a180a272f034", size = 13169638, upload-time = "2026-09-15T02:05:12.806Z" },
    { url = "https://files.pythonhosted.org/packages/94/3c/137ceb792858f408c48f20a066d12ee76108e5f28a13242720879c024172/ty-0.0.81-py3-none-musllinux_1_2_armv7l.whl", hash = "sha256:38355a5e6294ebd3cee616ed581d051963d61b293a1b3351c248747f73a45b74", size = 13449856, upload-time = "2026-09-15T02:05:15.505Z" },
    { url = "https://files.pythonhosted.org/packages/fe/0a/4a9b31fadfc80a2141f3862316eb31944843e01bc1f6533794291cce767e/ty-0.0.81-py3-none-musllinux_1_2_i686.whl", hash = "sha256:59a35e128a9831423aee19db804aa8a1358ee3ce615b3fc0dec20d40bfd0d733", size = 13675303, upload-time = "2026-09-15T02:05:17.537Z" },
    { url = "https://files.pythonhosted.org/packages/e3/16/dbcd2c10ab80b015a227110a4ec75314468b6720d800261098521df4eee9/ty-0.0.81-py3-none-musllinux_1_2_x86_64.whl", hash = "sha256:f0f4219fbc068ea3414fa804c6bd57ef4229a11884ab9ca71cd8308072520aad", size = 14050298, upload-time = "2026-09-15T02:05:20.424Z" },
    { url = "https://files.pythonhosted.org/packages/95/ba/a70ced0c0c078ff09a3a80224d045c4267d07811dbaf125c749af5f72606/ty-0.0.81-py3-none-win32.whl", hash = "sha256:82ff952e64ba4c4da1c0c89723e326c768ae4f9ff20624dee04a51c3f4e4b96c", size = 12866650, upload-time = "2026-09-15T02:05:22.824Z" },
    { url = "https://files.pythonhosted.org/packages/3f/51/4b79453df93dfb9edecb1bd6cb04e772277d8c7260693165358a033b6ed1/ty-0.0.81-py3-none-win_amd64.whl", hash = "sha256:ef82788744da0b7f2a598e4e9776f9c5998df4eef7e2750ae3a5537e7c734b69", size = 13572976, upload-time = "2026-09-15T02:05:24.907Z" },
    { url = "https://files.pythonhosted.org/packages/0a/56/09594d55a0c49543eeac149c0dbc80b9b04409cc26ca48f1c1a9595c0916/ty-0.0.81-py3-none-win_arm64.whl", hash = "sha256:bdb1563990c5d3abfe5a09e7512733f302773ede6a5d3e4e5c6ad46393d8df4d", size = 13364408, upload-time = "2026-09-15T02:05:27.247Z" },
]

[[package]]
name = "uv-build"
version = "0.12.18"
source = { registry = "https://pypi.org/simple" }
sdist = { url = "https://files.pythonhosted.org/packages/ba/67/28515d2d9691d0ddd19f775ce2771eed51aee44796ebed2c016323b7991a/uv_build-0.12.18.tar.gz", hash = "sha256:cea2cf07119f7f1ff9be6391330cd54f3f396d5412d2aa8234dd8527d716328e", size = 435289, upload-time = "2026-09-22T22:58:32.856Z" }
wheels = [
    { url = "https://files.pythonhosted.org/packages/51/43/9ce97ab7eac3a1a1577d4e3c62fd85ba4e4a9e2a47938fe8aaedd090b187/uv_build-0.12.18-py3-none-linux_armv6l.whl", hash = "sha256:65cb7ba6bb7815bb1cdb765ea048494cf2da460e04f248d1d1b78aec6f57220b", size = 1524014, upload-time = "2026-09-22T22:58:09.104Z" },
    { url = "https://files.pythonhosted.org/packages/6c/b6/14416f94f5d7f16f38669bd37b0b9d4563ab8a7039a0c27a085dbcdb1a55/uv_build-0.12.18-py3-none-macosx_10_12_x86_64.whl", hash = "sha256:8eb639e90475e13f92c45c87ba75ade4b0292e8829bb1ea200058031bad09dde", size = 1439799, upload-time = "2026-09-22T22:58:10.414Z" },
    { url = "https://files.pythonhosted.org/packages/a5/9d/ec106400c5f1537f817f3674c6fa1896bd73e7e9fb457f0c57ac78a08894/uv_build-0.12.18-py3-none-macosx_11_0_arm64.whl", hash = "sha256:ea88a34860f1a51e694d118e320a5ac5b95b9eff90b7c1aa2358a6383721be0e", size = 1343616, upload-time = "2026-09-22T22:58:11.741Z" },
    { url = "https://files.pythonhosted.org/packages/da/09/6baa8058f4e0cd01d2fbe0f1822d13849f52ffab2e1a7bad5d27c5018039/uv_build-0.12.18-py3-none-manylinux_2_17_aarch64.manylinux2014_aarch64.musllinux_1_1_aarch64.whl", hash = "sha256:9abbd97df3020d96fc9ce32abb48d7f42c5178d78ac6c9148eed1373844c667b", size = 1600833, upload-time = "2026-09-22T22:58:13.101Z" },
    { url = "https://files.pythonhosted.org/packages/89/39/d2d1369a4fa1cd312c86a910583bfd962a47d64d1ad05f3efa24dec8c121/uv_build-0.12.18-py3-none-manylinux_2_17_armv7l.manylinux2014_armv7l.whl", hash = "sha256:2ac9384036822f3465fd4837f7eaa59b82710e906902357a4867d96d2e155669", size = 1488604, upload-time = "2026-09-22T22:58:14.711Z" },
    { url = "https://files.pythonhosted.org/packages/17/2e/73cc6a9222820686386eb63e4a947e46154ae9f8ab13d2aafa8db7109125/uv_build-0.12.18-py3-none-manylinux_2_17_i686.manylinux2014_i686.whl", hash = "sha256:9945adf973d5668f32ccf6e74298a2f2beaad547fa5fba7db41eac7526c70527", size = 1645225, upload-time = "2026-09-22T22:58:16.111Z" },
    { url = "https://files.pythonhosted.org/packages/6f/2c/0c938a59537709c5c3073e1fdea5a56da2935c1d7de7ca21566099a941cc/uv_build-0.12.18-py3-none-manylinux_2_17_ppc64le.manylinux2014_ppc64le.whl", hash = "sha256:52ac00e7f75af8fd687d9ceda34633d9a882f7f3bcc1f18e717b5fbd91f1e542", size = 1679994, upload-time = "2026-09-22T22:58:17.283Z" },
    { url = "https://files.pythonhosted.org/packages/35/b4/76d2a5b076e478428b64e004e027becec5dd3aefbf736defe9c6d57f66f7/uv_build-0.12.18-py3-none-manylinux_2_17_s390x.manylinux2014_s390x.whl", hash = "sha256:257f12b3ca14969454d7a5b750dfbc252f7559be2811bb8b75eb687600fe98a5", size = 1582851, upload-time = "2026-09-22T22:58:18.561Z" },
    { url = "https://files.pythonhosted.org/packages/ea/1d/790c49bf29ba373041e3cc6e6b14ac94d6f5df545569a6d720bf8476e570/uv_build-0.12.18-py3-none-manylinux_2_17_x86_64.manylinux2014_x86_64.whl", hash = "sha256:c5349e61edfdc6e258cb91a36cc51ffa2315de246d7dc8759b3faee1728e0581", size = 1607635, upload-time = "2026-09-22T22:58:19.873Z" },
    { url = "https://files.pythonhosted.org/packages/5e/7a/6d8808aee9fd0ea22e76d5d398b485aff874f5fb18892e10e8a2618329ec/uv_build-0.12.18-py3-none-manylinux_2_28_aarch64.whl", hash = "sha256:b11407a33f6c373a210a941cf074d16bde0c73b2b04eb31be6d3e9c5b058e74e", size = 1606913, upload-time = "2026-09-22T22:58:21.146Z" },
    { url = "https://files.pythonhosted.org/packages/4e/82/5beea1008d65f2f2a0a9623a6e8b62a417445bbe215905ca7bc3105f523f/uv_build-0.12.18-py3-none-manylinux_2_31_riscv64.whl", hash = "sha256:7058be23f80d8660fe686027920e156d0f94bd29ab9a921c47248959bebf910c", size = 1569408, upload-time = "2026-09-22T22:58:22.651Z" },
    { url = "https://files.pythonhosted.org/packages/48/c4/c38a392c835ece41b275308dde5767b637243d36de5b5fde2f03e993fa8c/uv_build-0.12.18-py3-none-musllinux_1_1_armv7l.whl", hash = "sha256:6e0747305d3c5d05de38ed875d4dfd869430a4546816a294d3d51c8945ef10bf", size = 1501915, upload-time = "2026-09-22T22:58:23.784Z" },
    { url = "https://files.pythonhosted.org/packages/8c/0c/135df1c816199f3ca19b2924a186b343814718617a921fdecbfc4198f374/uv_build-0.12.18-py3-none-musllinux_1_1_i686.whl", hash = "sha256:d03eb11e4a221d56b7b9d49be7b7248c7e27dfe724a4855007449496df491e9b", size = 1597996, upload-time = "2026-09-22T22:58:24.971Z" },
    { url = "https://files.pythonhosted.org/packages/7c/9e/432e2aefe3f79ec225df60c396f12c20b0a4679fadae903c0ece88d76467/uv_build-0.12.18-py3-none-musllinux_1_1_riscv64.whl", hash = "sha256:d74f29377c956edf43dffc58b977d69a6fe81cc1515a55eac1edb6e634b3b901", size = 1588977, upload-time = "2026-09-22T22:58:26.164Z" },
    { url = "https://files.pythonhosted.org/packages/dc/57/0dda7efb4f92b5b2f9ebe24cd222a4b894f20faeea08bfca294ffbdef81a/uv_build-0.12.18-py3-none-musllinux_1_1_x86_64.whl", hash = "sha256:5b8c09c0a41e2bba9783243c1957d764fa363f6ad6d51acb5cf88a871f08d98b", size = 1667810, upload-time = "2026-09-22T22:58:28.233Z" },
    { url = "https://files.pythonhosted.org/packages/b4/63/e89f4ef08badcae4619ba232229b5429fc27c59d27106a973621164f4f51/uv_build-0.12.18-py3-none-win32.whl", hash = "sha256:0fab11f402f127d53fc63e9b2ea63d207b005f14197c6572ed78b63830518e43", size = 1373881, upload-time = "2026-09-22T22:58:29.396Z" },
    { url = "https://files.pythonhosted.org/packages/b0/c3/4719b738de3eda123cf18d1b1c9943852d744703d0b8c9a90394be15ec66/uv_build-0.12.18-py3-none-win_amd64.whl", hash = "sha256:69e52509d8ca71daed2e4b909811c382f7c56da73680039647db0ad03ccebfc4", size = 1434953, upload-time = "2026-09-22T22:58:30.591Z" },
    { url = "https://files.pythonhosted.org/packages/5f/1f/f387f441425a60246748cf63505deec7267663ef0394260e2a20438608eb/uv_build-0.12.18-py3-none-win_arm64.whl", hash = "sha256:778f4b3149cc3764a01bdbb609a9d70518d2814dd4fa5b5d53ad1e6cec7958a3", size = 1349416, upload-time = "2026-09-22T22:58:31.695Z" },
]
