version = 1
revision = 3
requires-python = ">=3.10"

[[package]]
name = "fort"
version = "2026.0"
source = { editable = "." }

[package.dev-dependencies]
dev = [
    { name = "psycopg2-binary" },
    { name = "ruff" },
    { name = "ty" },
    { name = "uv-build" },
]

[package.metadata]

[package.metadata.requires-dev]
dev = [
    { name = "psycopg2-binary", specifier = ">=2.9.12" },
    { name = "ruff", specifier = ">=0.15.14" },
    { name = "ty", specifier = ">=0.0.40" },
    { name = "uv-build", specifier = ">=0.11.16" },
]

[[package]]
name = "psycopg2-binary"
version = "2.9.12"
source = { registry = "https://pypi.org/simple" }
sdist = { url = "https://files.pythonhosted.org/packages/2a/60/a3624f79acea344c16fbef3a94d28b89a8042ddfb8f3e4ca83f538671409/psycopg2_binary-2.9.12.tar.gz", hash = "sha256:5ac9444edc768c02a6b6a591f070b8aae28ff3a99be57560ac996001580f294c", size = 379686, upload-time = "2026-04-21T09:40:34.304Z" }
wheels = [
    { url = "https://files.pythonhosted.org/packages/78/80/49bacf9e51617d8309f6f0123e29edc793f6f5f6700c7d1f1b20782fbb37/psycopg2_binary-2.9.12-cp310-cp310-macosx_10_9_x86_64.whl", hash = "sha256:9b818ceff717f98851a64bffd4c5eb5b3059ae280276dcecc52ac658dcf006a4", size = 3712314, upload-time = "2026-04-20T23:33:31.363Z" },
    { url = "https://files.pythonhosted.org/packages/d3/f2/98eeac7d60c43df9338287834edf9b3e69be68a2db78a57b1b81d705e735/psycopg2_binary-2.9.12-cp310-cp310-macosx_11_0_arm64.whl", hash = "sha256:d2fa0d7caca8635c56e373055094eeda3208d901d55dd0ff5abc1d4e47f82b56", size = 3822389, upload-time = "2026-04-20T23:33:34.178Z" },
    { url = "https://files.pythonhosted.org/packages/9f/7c/30575e75f14d5351a56a1971bb43fe7f8bf7edf1b654fb1bec65c42a8812/psycopg2_binary-2.9.12-cp310-cp310-manylinux2014_ppc64le.manylinux_2_17_ppc64le.whl", hash = "sha256:864c261b3690e1207d14bbfe0a61e27567981b80c47a778561e49f676f7ce433", size = 4578448, upload-time = "2026-04-20T23:33:37.073Z" },
    { url = "https://files.pythonhosted.org/packages/65/9b/4df366d89f28c527dc39d0b6c98a5ca74e30d37ac097b73f3352147568ae/psycopg2_binary-2.9.12-cp310-cp310-manylinux2014_x86_64.manylinux_2_17_x86_64.whl", hash = "sha256:c5ee5213445dd45312459029b8c4c0a695461eb517b753d2582315bd07995f5e", size = 4273705, upload-time = "2026-04-20T23:33:39.291Z" },
    { url = "https://files.pythonhosted.org/packages/4e/8a/c566803818eb03161ba869b6ba612bf7ad56816d98b9e5121e0a22ad6b0b/psycopg2_binary-2.9.12-cp310-cp310-manylinux_2_27_aarch64.manylinux_2_28_aarch64.whl", hash = "sha256:6f9cae1f848779b5b01f417e762c40d026ea93eb0648249a604728cda991dde3", size = 5893784, upload-time = "2026-04-20T23:33:41.658Z" },
    { url = "https://files.pythonhosted.org/packages/63/fe/0dfa5797e0b229e0567bc378695224caf14d547f73b05be0c80549089772/psycopg2_binary-2.9.12-cp310-cp310-manylinux_2_38_riscv64.manylinux_2_39_riscv64.whl", hash = "sha256:63a3ebbd543d3d1eda088ac99164e8c5bac15293ee91f20281fd17d050aee1c4", size = 4109306, upload-time = "2026-04-20T23:33:43.953Z" },
    { url = "https://files.pythonhosted.org/packages/3c/89/28063adf17a4ba501eedd9890feab0c649ee4d8bd0a97df0ff1e9584feab/psycopg2_binary-2.9.12-cp310-cp310-musllinux_1_2_aarch64.whl", hash = "sha256:d6fcbba8c9fed08a73b8ac61ea79e4821e45b1e92bb466230c5e746bbf3d5256", size = 3654400, upload-time = "2026-04-20T23:33:46.115Z" },
    { url = "https://files.pythonhosted.org/packages/84/94/5a01de0aa4ead0b8d8d1aa4ec18cec0bd36d03fa714eaa5bb8a0b1b50020/psycopg2_binary-2.9.12-cp310-cp310-musllinux_1_2_ppc64le.whl", hash = "sha256:36512911ebb2b60a0c3e44d0bb5048c1980aced91235d133b7874f3d1d93487c", size = 3299215, upload-time = "2026-04-20T23:33:48.202Z" },
    { url = "https://files.pythonhosted.org/packages/7a/85/723bb085a61c6ac2dc0a0043f375f2fe7365363e27b073bad56ca5bda979/psycopg2_binary-2.9.12-cp310-cp310-musllinux_1_2_riscv64.whl", hash = "sha256:8ffdb59fe88f99589e34354a130217aa1fd2d615612402d6edc8b3dbc7a44463", size = 3047724, upload-time = "2026-04-20T23:33:50.74Z" },
    { url = "https://files.pythonhosted.org/packages/b4/67/4d8b1e0d2fc4166677380eac0edf9cdff91013aca2546e8ef7bc04b56158/psycopg2_binary-2.9.12-cp310-cp310-musllinux_1_2_x86_64.whl", hash = "sha256:a46fe069b65255df410f856d842bc235f90e22ffdf532dda625fd4213d3fd9b1", size = 3349183, upload-time = "2026-04-20T23:33:59.635Z" },
    { url = "https://files.pythonhosted.org/packages/73/99/21af7a5498637ea4dc91a17c281a53bc1d632fbafe00f6689fbfb32a9fed/psycopg2_binary-2.9.12-cp310-cp310-win_amd64.whl", hash = "sha256:ab29414b25dcb698bf26bf213e3348abdcd07bbd5de032a5bec15bd75b298b03", size = 2757036, upload-time = "2026-04-20T23:34:01.606Z" },
    { url = "https://files.pythonhosted.org/packages/d5/19/d4ce60954f3bb9d8e3bc5e5c4d1f2487de2d3851bf2391d54954c9df12a6/psycopg2_binary-2.9.12-cp311-cp311-macosx_10_9_x86_64.whl", hash = "sha256:5c8ce6c61bd1b1f6b9c24ee32211599f6166af2c55abb19456090a21fd16554b", size = 3712338, upload-time = "2026-04-20T23:34:03.961Z" },
    { url = "https://files.pythonhosted.org/packages/53/71/c85409ee0d78890f0660eff262e815e7dd2bb741a17611d82e9e8cd9dc5e/psycopg2_binary-2.9.12-cp311-cp311-macosx_11_0_arm64.whl", hash = "sha256:b4a9eaa6e7f4ff91bec10aa3fb296878e75187bced5cc4bafe17dc40915e1326", size = 3822407, upload-time = "2026-04-20T23:34:05.977Z" },
    { url = "https://files.pythonhosted.org/packages/3c/ed/60486c2c7f0d4d1ede2bfb1ed27e2498477ce646bc7f6b2759906303117e/psycopg2_binary-2.9.12-cp311-cp311-manylinux2014_ppc64le.manylinux_2_17_ppc64le.whl", hash = "sha256:c6528cefc8e50fcc6f4a107e27a672058b36cc5736d665476aeb413ba88dbb06", size = 4578425, upload-time = "2026-04-20T23:34:08.246Z" },
    { url = "https://files.pythonhosted.org/packages/0b/b9/656cb03fad9f4f49f2145c334b1126ee75189929ca4e6187d485a2d59951/psycopg2_binary-2.9.12-cp311-cp311-manylinux2014_x86_64.manylinux_2_17_x86_64.whl", hash = "sha256:e4e184b1fb6072bf05388aa41c697e1b2d01b3473f107e7ec44f186a32cfd0b8", size = 4273709, upload-time = "2026-04-20T23:34:10.974Z" },
    { url = "https://files.pythonhosted.org/packages/99/66/08cf0da0e25cc6fb142c89be45fc8418792858f0c4cbff5e24530ff02cd6/psycopg2_binary-2.9.12-cp311-cp311-manylinux_2_27_aarch64.manylinux_2_28_aarch64.whl", hash = "sha256:4766ab678563054d3f1d064a4db19cc4b5f9e3a8d9018592a8285cf200c248f3", size = 5893779, upload-time = "2026-04-20T23:34:13.905Z" },
    { url = "https://files.pythonhosted.org/packages/17/d7/eecd9ce8e146d3721115d82d3836efdbb712187e4590325df549989d18f4/psycopg2_binary-2.9.12-cp311-cp311-manylinux_2_38_riscv64.manylinux_2_39_riscv64.whl", hash = "sha256:5a0253224780c978746cb9be55a946bcdaf40fe3519c0f622924cdabdafe2c39", size = 4109308, upload-time = "2026-04-20T23:34:16.761Z" },
    { url = "https://files.pythonhosted.org/packages/b6/2e/b1dc289b362cc8d45697b57eefbd673186f49a4ea0906928988e3affcc98/psycopg2_binary-2.9.12-cp311-cp311-musllinux_1_2_aarch64.whl", hash = "sha256:0dc9228d47c46bda253d2ecd6bb93b56a9f2d7ad33b684a1fa3622bf74ffe30c", size = 3654405, upload-time = "2026-04-20T23:34:19.303Z" },
    { url = "https://files.pythonhosted.org/packages/eb/e4/4c4aea6473214dbdbd0fbba11aa4691e76dc01722c55724c5951719865ff/psycopg2_binary-2.9.12-cp311-cp311-musllinux_1_2_ppc64le.whl", hash = "sha256:f921f3cd87035ef7df233383011d7a53ea1d346224752c1385f1edfd790ceb6a", size = 3299187, upload-time = "2026-04-20T23:34:21.206Z" },
    { url = "https://files.pythonhosted.org/packages/ba/5d/b03b99986446a4f57b170ed9a2579fb7ff9783ca0fa5226b19db99737fee/psycopg2_binary-2.9.12-cp311-cp311-musllinux_1_2_riscv64.whl", hash = "sha256:3d999bd982a723113c1a45b55a7a6a90d64d0ed2278020ed625c490ff7bef96c", size = 3047716, upload-time = "2026-04-20T23:34:23.077Z" },
    { url = "https://files.pythonhosted.org/packages/14/86/382ee4afbd1d97500c9d2862b20c2fdeddf4b7335e984df3fb4309f64108/psycopg2_binary-2.9.12-cp311-cp311-musllinux_1_2_x86_64.whl", hash = "sha256:29d4d134bd0ab46ffb04e94aa3c5fa3ef582e9026609165e2f758ff76fc3a3be", size = 3349237, upload-time = "2026-04-20T23:34:25.211Z" },
    { url = "https://files.pythonhosted.org/packages/a8/16/9a57c75ba1eda7165c017342f526810d5f5a12647dde749c99ae9a7141d7/psycopg2_binary-2.9.12-cp311-cp311-win_amd64.whl", hash = "sha256:cb4a1dacdd48077150dc762a9e5ddbf32c256d66cb46f80839391aa458774936", size = 2757036, upload-time = "2026-04-20T23:34:27.77Z" },
    { url = "https://files.pythonhosted.org/packages/e2/9f/ef4ef3c8e15083df90ca35265cfd1a081a2f0cc07bb229c6314c6af817f4/psycopg2_binary-2.9.12-cp312-cp312-macosx_10_13_x86_64.whl", hash = "sha256:5cdc05117180c5fa9c40eea8ea559ce64d73824c39d928b7da9fb5f6a9392433", size = 3712459, upload-time = "2026-04-20T23:34:30.549Z" },
    { url = "https://files.pythonhosted.org/packages/b5/01/3dd14e46ba48c1e1a6ec58ee599fa1b5efa00c246d5046cd903d0eeb1af1/psycopg2_binary-2.9.12-cp312-cp312-macosx_11_0_arm64.whl", hash = "sha256:d3227a3bc228c10d21011a99245edca923e4e8bf461857e869a507d9a41fe9f6", size = 3822936, upload-time = "2026-04-20T23:34:32.77Z" },
    { url = "https://files.pythonhosted.org/packages/a6/f7/0640e4901119d8a9f7a1784b927f494e2198e213ceb593753d1f2c8b1b30/psycopg2_binary-2.9.12-cp312-cp312-manylinux2014_ppc64le.manylinux_2_17_ppc64le.whl", hash = "sha256:995ce929eede89db6254b50827e2b7fd61e50d11f0b116b29fffe4a2e53c4580", size = 4578676, upload-time = "2026-04-20T23:34:35.18Z" },
    { url = "https://files.pythonhosted.org/packages/b0/55/44df3965b5f297c50cc0b1b594a31c67d6127a9d133045b8a66611b14dfb/psycopg2_binary-2.9.12-cp312-cp312-manylinux2014_x86_64.manylinux_2_17_x86_64.whl", hash = "sha256:9fe06d93e72f1c048e731a2e3e7854a5bfaa58fc736068df90b352cefe66f03f", size = 4274917, upload-time = "2026-04-20T23:34:37.982Z" },
    { url = "https://files.pythonhosted.org/packages/b0/4b/74535248b1eac0c9336862e8617c765ac94dac76f9e25d7c4a79588c8907/psycopg2_binary-2.9.12-cp312-cp312-manylinux_2_27_aarch64.manylinux_2_28_aarch64.whl", hash = "sha256:40e7b28b63aaf737cb3a1edc3a9bbc9a9f4ad3dcb7152e8c1130e4050eddcb7d", size = 5894843, upload-time = "2026-04-20T23:34:40.856Z" },
    { url = "https://files.pythonhosted.org/packages/f2/ba/f1bf8d2ae71868ad800b661099086ee52bc0f8d9f05be1acd8ebb06757cc/psycopg2_binary-2.9.12-cp312-cp312-manylinux_2_38_riscv64.manylinux_2_39_riscv64.whl", hash = "sha256:89d19a9f7899e8eb0656a2b3a08e0da04c720a06db6e0033eab5928aabe60fa9", size = 4110556, upload-time = "2026-04-20T23:34:44.016Z" },
    { url = "https://files.pythonhosted.org/packages/45/46/c15706c338403b7c420bcc0c2905aad116cc064545686d8bf85f1999ea00/psycopg2_binary-2.9.12-cp312-cp312-musllinux_1_2_aarch64.whl", hash = "sha256:612b965daee295ae2da8f8218ce1d274645dc76ef3f1abf6a0a94fd57eff876d", size = 3655714, upload-time = "2026-04-20T23:34:46.233Z" },
    { url = "https://files.pythonhosted.org/packages/b3/7c/a2d5dc09b64a4564db242a0fe418fde7d33f6f8259dd2c5b9d7def00fb5a/psycopg2_binary-2.9.12-cp312-cp312-musllinux_1_2_ppc64le.whl", hash = "sha256:b9a339b79d37c1b45f3235265f07cdeb0cb5ad7acd2ac7720a5920989c17c24e", size = 3301154, upload-time = "2026-04-20T23:34:49.528Z" },
    { url = "https://files.pythonhosted.org/packages/c0/e8/cc8c9a4ce71461f9ec548d38cadc41dc184b34c73e6455450775a9334ccd/psycopg2_binary-2.9.12-cp312-cp312-musllinux_1_2_riscv64.whl", hash = "sha256:3471336e1acfd9c7fe507b8bad5af9317b6a89294f9eb37bd9a030bb7bebcdc6", size = 3048882, upload-time = "2026-04-20T23:34:51.86Z" },
    { url = "https://files.pythonhosted.org/packages/19/6a/31e2296bc0787c5ab75d3d118e40b239db8151b5192b90b77c72bc9256e9/psycopg2_binary-2.9.12-cp312-cp312-musllinux_1_2_x86_64.whl", hash = "sha256:7af18183109e23502c8b2ae7f6926c0882766f35b5175a4cd737ad825e4d7a1b", size = 3351298, upload-time = "2026-04-20T23:34:54.124Z" },
    { url = "https://files.pythonhosted.org/packages/5f/a8/75f4e3e11203b590150abed2cf7794b9c9c9f7eceddae955191138b44dde/psycopg2_binary-2.9.12-cp312-cp312-win_amd64.whl", hash = "sha256:398fcd4db988c7d7d3713e2b8e18939776fd3fb447052daae4f24fa39daede4c", size = 2757230, upload-time = "2026-04-20T23:34:56.242Z" },
    { url = "https://files.pythonhosted.org/packages/91/bb/4608c96f970f6e0c56572e87027ef4404f709382a3503e9934526d7ba051/psycopg2_binary-2.9.12-cp313-cp313-macosx_10_13_x86_64.whl", hash = "sha256:7c729a73c7b1b84de3582f73cdd27d905121dc2c531f3d9a3c32a3011033b965", size = 3712419, upload-time = "2026-04-20T23:34:58.754Z" },
    { url = "https://files.pythonhosted.org/packages/5e/af/48f76af9d50d61cf390f8cd657b503168b089e2e9298e48465d029fcc713/psycopg2_binary-2.9.12-cp313-cp313-macosx_11_0_arm64.whl", hash = "sha256:4413d0caef93c5cf50b96863df4c2efe8c269bf2267df353225595e7e15e8df7", size = 3822990, upload-time = "2026-04-20T23:35:00.821Z" },
    { url = "https://files.pythonhosted.org/packages/7a/df/aba0f99397cd811d32e06fc0cc781f1f3ce98bc0e729cb423925085d781a/psycopg2_binary-2.9.12-cp313-cp313-manylinux2014_ppc64le.manylinux_2_17_ppc64le.whl", hash = "sha256:4dfcf8e45ebb0c663be34a3442f65e17311f3367089cd4e5e3a3e8e62c978777", size = 4578696, upload-time = "2026-04-20T23:35:03.409Z" },
    { url = "https://files.pythonhosted.org/packages/95/9c/eaa74021ac4e4d5c2f83d82fc6615a63f4fe6c94dc4e94c3990427053f67/psycopg2_binary-2.9.12-cp313-cp313-manylinux2014_x86_64.manylinux_2_17_x86_64.whl", hash = "sha256:c41321a14dd74aceb6a9a643b9253a334521babfa763fa873e33d89cfa122fb5", size = 4274982, upload-time = "2026-04-20T23:35:05.583Z" },
    { url = "https://files.pythonhosted.org/packages/35/ed/c25deff98bd26187ba48b3b250a3ffc3037c46c5b89362534a15d200e0db/psycopg2_binary-2.9.12-cp313-cp313-manylinux_2_27_aarch64.manylinux_2_28_aarch64.whl", hash = "sha256:83946ba43979ebfdc99a3cd0ee775c89f221df026984ba19d46133d8d75d3cd9", size = 5894867, upload-time = "2026-04-20T23:35:07.902Z" },
    { url = "https://files.pythonhosted.org/packages/9a/81/8d0e21ca77373c6c9589e5c4528f6e8f0c08c62cafc76fb0bddb7a2cee22/psycopg2_binary-2.9.12-cp313-cp313-manylinux_2_38_riscv64.manylinux_2_39_riscv64.whl", hash = "sha256:411e85815652d13560fbe731878daa5d92378c4995a22302071890ec3397d019", size = 4110578, upload-time = "2026-04-20T23:35:10.149Z" },
    { url = "https://files.pythonhosted.org/packages/00/fc/f481e2435bd8f742d0123309174aae4165160ad3ef17c1b99c3622c241d2/psycopg2_binary-2.9.12-cp313-cp313-musllinux_1_2_aarch64.whl", hash = "sha256:1c8ad4c08e00f7679559eaed7aff1edfffc60c086b976f93972f686384a95e2c", size = 3655816, upload-time = "2026-04-20T23:35:12.56Z" },
    { url = "https://files.pythonhosted.org/packages/53/79/b9f46466bdbe9f239c96cde8be33c1aace4842f06013b47b730dc9759187/psycopg2_binary-2.9.12-cp313-cp313-musllinux_1_2_ppc64le.whl", hash = "sha256:00814e40fa23c2b37ef0a1e3c749d89982c73a9cb5046137f0752a22d432e82f", size = 3301307, upload-time = "2026-04-20T23:35:15.029Z" },
    { url = "https://files.pythonhosted.org/packages/3f/19/7dc003b32fe35024df89b658104f7c8538a8b2dcbde7a4e746ce929742e7/psycopg2_binary-2.9.12-cp313-cp313-musllinux_1_2_riscv64.whl", hash = "sha256:98062447aebc20ed20add1f547a364fd0ef8933640d5372ff1873f8deb9b61be", size = 3048968, upload-time = "2026-04-20T23:35:16.757Z" },
    { url = "https://files.pythonhosted.org/packages/91/58/2dbd7db5c604d45f4950d988506aae672a14126ec22998ced5021cbb76bb/psycopg2_binary-2.9.12-cp313-cp313-musllinux_1_2_x86_64.whl", hash = "sha256:66a7685d7e548f10fb4ce32fb01a7b7f4aa702134de92a292c7bd9e0d3dbd290", size = 3351369, upload-time = "2026-04-20T23:35:18.933Z" },
    { url = "https://files.pythonhosted.org/packages/42/ee/dee8dcaad07f735824de3d6563bc67119fa6c28257b17977a8d624f02fab/psycopg2_binary-2.9.12-cp313-cp313-win_amd64.whl", hash = "sha256:b6937f5fe4e180aeee87de907a2fa982ded6f7f15d7218f78a083e4e1d68f2a0", size = 2757347, upload-time = "2026-04-20T23:35:21.283Z" },
    { url = "https://files.pythonhosted.org/packages/13/1b/708c0dca874acfad6d65314271859899a79007686f3a1f74e82a2ed4b645/psycopg2_binary-2.9.12-cp314-cp314-macosx_10_15_x86_64.whl", hash = "sha256:6f3b3de8a74ef8db215f22edffb19e32dc6fa41340456de7ec99efdc8a7b3ec2", size = 3712428, upload-time = "2026-04-20T23:35:23.453Z" },
    { url = "https://files.pythonhosted.org/packages/d6/39/ddbea9d4b4de6aca9431b6ed253f530f8a02d3b8f9bcfd0dbfe2b3de6fe4/psycopg2_binary-2.9.12-cp314-cp314-macosx_11_0_arm64.whl", hash = "sha256:1006fb62f0f0bc5ce256a832356c6262e91be43f5e4eb15b5eaf38079464caf2", size = 3823184, upload-time = "2026-04-20T23:35:25.92Z" },
    { url = "https://files.pythonhosted.org/packages/bf/a0/bc2fef74b106fa345567122a0659e6d94512ed7dc0131ec44c9e5aba3725/psycopg2_binary-2.9.12-cp314-cp314-manylinux2014_ppc64le.manylinux_2_17_ppc64le.whl", hash = "sha256:840066105706cd2eb29b9a1c2329620056582a4bf3e8169dec5c447042d0869f", size = 4579157, upload-time = "2026-04-20T23:35:28.542Z" },
    { url = "https://files.pythonhosted.org/packages/57/d7/d4e3b2005d3de607ca4fbb0e8742e248056e52184a6b94ebda3c1c2c329b/psycopg2_binary-2.9.12-cp314-cp314-manylinux2014_x86_64.manylinux_2_17_x86_64.whl", hash = "sha256:863f5d12241ebe1c76a72a04c2113b6dc905f90b9cef0e9be0efd994affd9354", size = 4274970, upload-time = "2026-04-20T23:35:30.418Z" },
    { url = "https://files.pythonhosted.org/packages/2e/42/c9853f8db3967fe08bcde11f53d53b85d351750cae726ce001cb68afa9c1/psycopg2_binary-2.9.12-cp314-cp314-manylinux_2_27_aarch64.manylinux_2_28_aarch64.whl", hash = "sha256:a99eaab34a9010f1a086b126de467466620a750634d114d20455f3a824aae033", size = 5895175, upload-time = "2026-04-20T23:35:33.584Z" },
    { url = "https://files.pythonhosted.org/packages/eb/fd/b82b5601a97630308bef079f545ffec481bbbc795c2ba5ec416a01d03f60/psycopg2_binary-2.9.12-cp314-cp314-manylinux_2_38_riscv64.manylinux_2_39_riscv64.whl", hash = "sha256:ffdd7dc5463ccd61845ac37b7012d0f35a1548df9febe14f8dd549be4a0bc81e", size = 4110658, upload-time = "2026-04-20T23:35:35.638Z" },
    { url = "https://files.pythonhosted.org/packages/62/8c/32ca69b0389ef25dd22937bf9e8fbe2ce27aea20b05ded48c4ce4cb42475/psycopg2_binary-2.9.12-cp314-cp314-musllinux_1_2_aarch64.whl", hash = "sha256:54a0dfecab1b48731f934e06139dfe11e24219fb6d0ceb32177cf0375f14c7b5", size = 3656251, upload-time = "2026-04-20T23:35:37.854Z" },
    { url = "https://files.pythonhosted.org/packages/c4/29/96992a2b59e3b9d730fcf9612d0a387305025dc867a9fc490a9e496e074e/psycopg2_binary-2.9.12-cp314-cp314-musllinux_1_2_ppc64le.whl", hash = "sha256:96937c9c5d891f772430f418a7a8b4691a90c3e6b93cf72b5bd7cad8cbca32a5", size = 3301810, upload-time = "2026-04-20T23:35:39.927Z" },
    { url = "https://files.pythonhosted.org/packages/56/ad/44b06659949b243ae10112cd3b20a197f9bf3e81d5651379b9eb889bfaad/psycopg2_binary-2.9.12-cp314-cp314-musllinux_1_2_riscv64.whl", hash = "sha256:77b348775efd4cdab410ec6609d81ccecd1139c90265fa583a7255c8064bc03d", size = 3048977, upload-time = "2026-04-20T23:35:41.806Z" },
    { url = "https://files.pythonhosted.org/packages/1d/f2/10a1bcebadb6aa55e280e1f58975c36a7b560ea525184c7aa4064c466633/psycopg2_binary-2.9.12-cp314-cp314-musllinux_1_2_x86_64.whl", hash = "sha256:527e6342b3e44c2f0544f6b8e927d60de7f163f5723b8f1dfa7d2a84298738cd", size = 3351466, upload-time = "2026-04-20T23:35:43.993Z" },
    { url = "https://files.pythonhosted.org/packages/20/be/b732c8418ffa5bcfda002890f5dc4c869fc17db66ff11f53b17cfe44afc0/psycopg2_binary-2.9.12-cp314-cp314-win_amd64.whl", hash = "sha256:f12ae41fcafadb39b2785e64a40f9db05d6de2ac114077457e0e7c597f3af980", size = 2848762, upload-time = "2026-04-20T23:35:46.421Z" },
]

[[package]]
name = "ruff"
version = "0.15.18"
source = { registry = "https://pypi.org/simple" }
sdist = { url = "https://files.pythonhosted.org/packages/74/98/1295ad5a5aa9bc85bdcdfa5d82fe7b49c61af5657df4f227637ff9de0da6/ruff-0.15.18.tar.gz", hash = "sha256:2698a964c70e8bf402dcb99c8810472d270d141e7aa8c4e13599fd52033a2f33", size = 4761437, upload-time = "2026-06-18T18:25:39.224Z" }
wheels = [
    { url = "https://files.pythonhosted.org/packages/b9/d0/686e984941269621e2be72612d5c1e461f8f7b38415a2a7d7a81c8ae6715/ruff-0.15.18-py3-none-linux_armv6l.whl", hash = "sha256:8b6850172348c8381b8b3084c5915a4393c2373b9b54cd5b5e1ea15812bc10df", size = 10887308, upload-time = "2026-06-18T18:25:03.062Z" },
    { url = "https://files.pythonhosted.org/packages/ed/21/bc4123e3f5515ee99f8ce1eb93a14a0628fe4d1678663cd08f933ac16931/ruff-0.15.18-py3-none-macosx_10_12_x86_64.whl", hash = "sha256:3fccc153a85417dcd976883160cacce486997b0a0058dd18f54b8aaaac7d1ce2", size = 11281305, upload-time = "2026-06-18T18:25:30.026Z" },
    { url = "https://files.pythonhosted.org/packages/51/93/4769464c25cf7ab2acb3c7dda9cad3d867eb41c59565b3e2a9d17249c90c/ruff-0.15.18-py3-none-macosx_11_0_arm64.whl", hash = "sha256:08d4c86a68f2c3ec2c9d56380a71fb4a4f65373055cbb8caabd645e9102f38d4", size = 10641215, upload-time = "2026-06-18T18:25:15.802Z" },
    { url = "https://files.pythonhosted.org/packages/6c/42/56926d17120db2c208d76bf60a1a019644dd9e91dc27f0f95c9caddb1366/ruff-0.15.18-py3-none-manylinux_2_17_aarch64.manylinux2014_aarch64.whl", hash = "sha256:37e5108745c2c0705da916d7d4de533ddf547051ef45f62888c31bae73f66318", size = 10957224, upload-time = "2026-06-18T18:25:36.955Z" },
    { url = "https://files.pythonhosted.org/packages/22/4f/d43fab8d8189afde803103022d000a8ef9f230616d436d52a8b2b8d63b50/ruff-0.15.18-py3-none-manylinux_2_17_armv7l.manylinux2014_armv7l.whl", hash = "sha256:56949a6ce8b3abde54c0bcb22cebfe57e8771cadc84b407ae8b8eaf67ebdcd43", size = 10699024, upload-time = "2026-06-18T18:25:05.707Z" },
    { url = "https://files.pythonhosted.org/packages/63/42/1e3e4c68bd408b9768cf3e439acbe2c78245225faef253f7028a0cdb63e0/ruff-0.15.18-py3-none-manylinux_2_17_i686.manylinux2014_i686.whl", hash = "sha256:01a754cd6a1b630d3f97e33eb452cf7a98040482318e870f8bc52a5a30e62657", size = 11491458, upload-time = "2026-06-18T18:25:20.275Z" },
    { url = "https://files.pythonhosted.org/packages/20/77/47a3484bea8521e14a203d98c389c5c97846675e4f02734672da4a69b52a/ruff-0.15.18-py3-none-manylinux_2_17_ppc64le.manylinux2014_ppc64le.whl", hash = "sha256:6ba7a07e03a44dbf10bb086ee06705b173625014ec99f73a7e6836a5e5590a0c", size = 12383752, upload-time = "2026-06-18T18:25:22.535Z" },
    { url = "https://files.pythonhosted.org/packages/0a/ca/054159590787023d83b658a1a1819c4c8910114e7015069340b71c0961cb/ruff-0.15.18-py3-none-manylinux_2_17_s390x.manylinux2014_s390x.whl", hash = "sha256:5a2c40a41a4cadbcf5897b548ab29dfe248b20c540961c0247d98a3973c70403", size = 11577923, upload-time = "2026-06-18T18:25:10.702Z" },
    { url = "https://files.pythonhosted.org/packages/6d/ff/d353d6b7bbd73cc0ec37f4463d7540e45e894338abdd9964eee0de332708/ruff-0.15.18-py3-none-manylinux_2_17_x86_64.manylinux2014_x86_64.whl", hash = "sha256:5f0480ce690cbb6c4db6e5d08f19fce98e10ba131a8b60c1bcdac42771e3ae2d", size = 11583925, upload-time = "2026-06-18T18:25:32.391Z" },
    { url = "https://files.pythonhosted.org/packages/c1/4a/891f89b9c296ed3e5f3ece1a5629badc989d9a8fdaa30431aaf4774bc1c2/ruff-0.15.18-py3-none-manylinux_2_31_riscv64.whl", hash = "sha256:2330215f1f393fa8733f55edce04fcf94c36a2c460fcde31f78cc84e4951e9b1", size = 11582834, upload-time = "2026-06-18T18:25:27.309Z" },
    { url = "https://files.pythonhosted.org/packages/32/a3/ed9e370154bf85de360b93c03026157f02d4943b2d01ff4945f4429f8e8a/ruff-0.15.18-py3-none-musllinux_1_2_aarch64.whl", hash = "sha256:a6aa6a3d979e48ae617578183674bf264fbe7d0114a796a26bd678d67963c7ff", size = 10927328, upload-time = "2026-06-18T18:25:34.676Z" },
    { url = "https://files.pythonhosted.org/packages/f5/d1/5cf5909329fedb5d39d555ee818ba5cf4638e1a301b89785d34f2905bfcb/ruff-0.15.18-py3-none-musllinux_1_2_armv7l.whl", hash = "sha256:a81beadbbff2c9c245561ae3f77b16709d87f35eec650d0501679239d3449b22", size = 10693187, upload-time = "2026-06-18T18:25:08.245Z" },
    { url = "https://files.pythonhosted.org/packages/fd/44/ff6c635cf2c4f4e7b618b6640da057376baa36014695487d88aed4794268/ruff-0.15.18-py3-none-musllinux_1_2_i686.whl", hash = "sha256:2186d9e940ae332ab293623a75b5f4fe49565f449954d50a72a046683aa6b809", size = 11208721, upload-time = "2026-06-18T18:25:41.327Z" },
    { url = "https://files.pythonhosted.org/packages/88/d9/5baa2a30861adfb7022cf33c1e35b2fc18085b08c16f83eff4c7b99a5f48/ruff-0.15.18-py3-none-musllinux_1_2_x86_64.whl", hash = "sha256:5c2abf140438032bc77b2284a6c9944ecd8a19e5f1c7b52b1b8e4a0a80d19a7a", size = 11678599, upload-time = "2026-06-18T18:25:13.607Z" },
    { url = "https://files.pythonhosted.org/packages/c3/1a/0725a7cfdc32ff769efb96ee782bec882e16448c5d9e3be947ec4c04ce27/ruff-0.15.18-py3-none-win32.whl", hash = "sha256:02299e6e9fa5b297a3f6d5d10d7bcd655c925b028bb8b9d4588214549c6b9ec4", size = 10901903, upload-time = "2026-06-18T18:25:24.755Z" },
    { url = "https://files.pythonhosted.org/packages/f3/51/805d9f6fb7970505c3504794a5ec350f605361b807fef4dcf214ebd35e72/ruff-0.15.18-py3-none-win_amd64.whl", hash = "sha256:dac80dc8d26b2257dbefabed62f5d255c3937b4ccb122da1fc634794fa3578b3", size = 12041189, upload-time = "2026-06-18T18:25:17.915Z" },
    { url = "https://files.pythonhosted.org/packages/29/4c/67bb45e41609eb4726f1bfeb59e083cf91d14c696d4bd14c234a980be93d/ruff-0.15.18-py3-none-win_arm64.whl", hash = "sha256:b2c9257fcbd4a3e5b977a1904e6facca016bafe2edc17df24db67cfaee03b4e4", size = 11329958, upload-time = "2026-06-18T18:25:43.686Z" },
]

[[package]]
name = "ty"
version = "0.0.54"
source = { registry = "https://pypi.org/simple" }
sdist = { url = "https://files.pythonhosted.org/packages/ae/c6/2ea90406d82cf82b0a68725130da2cc9de161bfa883c7dee4f0d94dbf3ce/ty-0.0.54.tar.gz", hash = "sha256:b6b3cfe174f27744413c898b2488ca52ea76070637095de131698e506b455055", size = 6009000, upload-time = "2026-06-25T17:53:17.098Z" }
wheels = [
    { url = "https://files.pythonhosted.org/packages/b8/26/a83e688e108a29a8630d7075bae47b72614cfa275c88b3166575ca0a8af0/ty-0.0.54-py3-none-linux_armv6l.whl", hash = "sha256:0365ea133d6b028952c22e6412a00da9739bc3b538df3c0a61972bf64d8558f1", size = 11616164, upload-time = "2026-06-25T17:52:29.174Z" },
    { url = "https://files.pythonhosted.org/packages/85/89/9f3374f9eef0267aed5efbd5544e47cfa6affc94236d929e878a780cf7d7/ty-0.0.54-py3-none-macosx_10_12_x86_64.whl", hash = "sha256:0de0cf48918609a3996cc2a4e18e8028fc4d2446bb82df822e9737f53bb9afee", size = 11351250, upload-time = "2026-06-25T17:52:32.181Z" },
    { url = "https://files.pythonhosted.org/packages/28/11/e0e3f542a6de0e0dd5f503215527f8d9fc141426bd52dbe98fce927ff831/ty-0.0.54-py3-none-macosx_11_0_arm64.whl", hash = "sha256:57c7c6c1fcd2aa29cd40117142c0d45a2b0e6c42817ef58ea8dcb5f59d6ea802", size = 10872162, upload-time = "2026-06-25T17:52:35.206Z" },
    { url = "https://files.pythonhosted.org/packages/3a/b0/fa369840f1ccd391971f693a8f86c445eb1a0fad61a6e0e773f0871a7a6f/ty-0.0.54-py3-none-manylinux_2_17_aarch64.manylinux2014_aarch64.whl", hash = "sha256:dc179be5a070c5dc7785a5e108eece2ab216978a91f91e11661308749a6c28ee", size = 11419826, upload-time = "2026-06-25T17:52:37.942Z" },
    { url = "https://files.pythonhosted.org/packages/62/5f/8fbf9b7147cf08cc96cc9f84b9699ae7c7a0a1eb0a4c3d912261351b1cbb/ty-0.0.54-py3-none-manylinux_2_17_armv7l.manylinux2014_armv7l.whl", hash = "sha256:5a0a764e2261f9292adf14bbc91b9d7ef7ee7c00b8f3d9f2563f19ae3605109b", size = 11411732, upload-time = "2026-06-25T17:52:41.124Z" },
    { url = "https://files.pythonhosted.org/packages/8a/ce/53aa78828f98ce396d5cc0f0878d990c0d70f6bf7704105232399315952f/ty-0.0.54-py3-none-manylinux_2_17_i686.manylinux2014_i686.whl", hash = "sha256:2259e1a1f744a5f20f079dcc4061c1464001c75f255aaca7316e422f8f5e5e09", size = 12039318, upload-time = "2026-06-25T17:52:43.981Z" },
    { url = "https://files.pythonhosted.org/packages/9e/05/5654d4d20376a73cd2e9df8178515c466ff9b2bda15748ee5810c955a265/ty-0.0.54-py3-none-manylinux_2_17_ppc64le.manylinux2014_ppc64le.whl", hash = "sha256:8674617617399d4fdd568b3e3a8f87a913df525c80691d732b0744b571b341c8", size = 12625562, upload-time = "2026-06-25T17:52:46.578Z" },
    { url = "https://files.pythonhosted.org/packages/37/f7/982be4abde816c821c6aeaba133dc34b5346eebbb29dadbf77b8ee46dad9/ty-0.0.54-py3-none-manylinux_2_17_s390x.manylinux2014_s390x.whl", hash = "sha256:e949f7bbfa80a9fa00968924028aa673a505faa234b0b9d1241b7d34373eae14", size = 12175175, upload-time = "2026-06-25T17:52:49.176Z" },
    { url = "https://files.pythonhosted.org/packages/6a/8b/371fa3d121a1d9c8806a997ec5aa7b6a91912044d936594e6cf04d197471/ty-0.0.54-py3-none-manylinux_2_17_x86_64.manylinux2014_x86_64.whl", hash = "sha256:6a0ce5af9eefe636888377d8ab8ea817239ed96de64fede62c4e5331ae16db5c", size = 11945921, upload-time = "2026-06-25T17:52:51.983Z" },
    { url = "https://files.pythonhosted.org/packages/dd/76/cab1ff8f6029b657b3fed59add1a2f188df6af26b6d649a6c789139dd88d/ty-0.0.54-py3-none-manylinux_2_31_riscv64.whl", hash = "sha256:ad329d1942e23ee428948e673b2a50249f27e164220075b0a2ef8169029c8423", size = 12269965, upload-time = "2026-06-25T17:52:54.697Z" },
    { url = "https://files.pythonhosted.org/packages/31/2f/c14b36cacacf7cc5ae40c862c34c07fadeba85cb93fd8f328cdac2029270/ty-0.0.54-py3-none-musllinux_1_2_aarch64.whl", hash = "sha256:6e43124e6ac4cb9702d99facb28c6b2f2574c8a4b8f59eae2632eef4962e3439", size = 11370742, upload-time = "2026-06-25T17:52:57.233Z" },
    { url = "https://files.pythonhosted.org/packages/db/1b/9e55bb273d3ea8efe165a73e34ae92220593e4dbfe665b8283be9d3eadea/ty-0.0.54-py3-none-musllinux_1_2_armv7l.whl", hash = "sha256:994ede70fc1b6f0efc29d0f1fc0d819630bed1d2610eac2e9dabb2840f3f3bf9", size = 11432346, upload-time = "2026-06-25T17:52:59.898Z" },
    { url = "https://files.pythonhosted.org/packages/db/16/402e8d2b1ab1020a25774f22ec0ba4378617758197278c1ddbc093b64854/ty-0.0.54-py3-none-musllinux_1_2_i686.whl", hash = "sha256:b1d048df26abb433acc5b3bcef214167c7dc9e3341f8f200a3c59702516a0ed0", size = 11707341, upload-time = "2026-06-25T17:53:02.678Z" },
    { url = "https://files.pythonhosted.org/packages/3b/ca/220599403e1dc864109402c88e22e8793108ec3be41576cd044772023d94/ty-0.0.54-py3-none-musllinux_1_2_x86_64.whl", hash = "sha256:651e90094d41c4add3d616e0f2c1c881c6700a2ae3ac191c023c665050ff2cdc", size = 12053427, upload-time = "2026-06-25T17:53:05.983Z" },
    { url = "https://files.pythonhosted.org/packages/fc/a9/f08df843e3d4422184a847829eb103c49a6118eed7024969a1a706de1c5e/ty-0.0.54-py3-none-win32.whl", hash = "sha256:7e876c9b5130afc6b6e46035a2eecca9b563b78249030296e1089922428d5415", size = 11044018, upload-time = "2026-06-25T17:53:09.582Z" },
    { url = "https://files.pythonhosted.org/packages/4c/26/230719333d79fae599e3c2da5ac35e36786cdd6c4b4f2a5d5450ce171dc7/ty-0.0.54-py3-none-win_amd64.whl", hash = "sha256:f478476f3222807b4d92f15c5298a8c242f2ed17c724da75f4a8c6b522b4f29a", size = 12107765, upload-time = "2026-06-25T17:53:12.2Z" },
    { url = "https://files.pythonhosted.org/packages/28/68/b5fcb35ceebffab3e8898bd25e51d0bb77a0c43c50b7a8e3fae56125e4f5/ty-0.0.54-py3-none-win_arm64.whl", hash = "sha256:01ab9eb8c0802d35ae73fa08e4e037963250ee5ee6aa7ed8c8b994e5495db5ef", size = 11498510, upload-time = "2026-06-25T17:53:14.693Z" },
]

[[package]]
name = "uv-build"
version = "0.11.23"
source = { registry = "https://pypi.org/simple" }
sdist = { url = "https://files.pythonhosted.org/packages/0d/7a/9b1de30e5a9260a08f978d133f9119610776ba9957a7a87837d729d1a000/uv_build-0.11.23.tar.gz", hash = "sha256:04b1da5a7985273b5dc7055a05bfa019cb63d8c37f7c028626472ad725f280f0", size = 402105, upload-time = "2026-06-19T18:41:31.291Z" }
wheels = [
    { url = "https://files.pythonhosted.org/packages/95/7e/4fbca6b8949a457e7032a0f6ae13a3d7bfbf9999df4963fb6517972e146c/uv_build-0.11.23-py3-none-linux_armv6l.whl", hash = "sha256:2b0391c2608591e60b5da4e5973b6d482b4cc7d1e96258472f25891981501cb6", size = 1535999, upload-time = "2026-06-19T18:41:06.278Z" },
    { url = "https://files.pythonhosted.org/packages/5e/47/e196c590d54e77e9dafb598be1674736de542506a98533ae2d8263c1d8e5/uv_build-0.11.23-py3-none-macosx_10_12_x86_64.whl", hash = "sha256:ceac4c62243ff937fc083e3a07de7b834bc1866ee51dabe2e1b98c4714abbafe", size = 1474116, upload-time = "2026-06-19T18:41:07.928Z" },
    { url = "https://files.pythonhosted.org/packages/c6/74/72ec90d430f7dd66f402fd558751829884a74d09759885d6bd8b8d807800/uv_build-0.11.23-py3-none-macosx_11_0_arm64.whl", hash = "sha256:fd681522d69f93877561ba0ee39ef10623cda758b2837aa99cd092956c4fef55", size = 1373433, upload-time = "2026-06-19T18:41:09.808Z" },
    { url = "https://files.pythonhosted.org/packages/15/a9/0709ffc68ab2abbc1f2f9a4dddaab0061afd1dd76ba35a193f283856d33f/uv_build-0.11.23-py3-none-manylinux_2_17_aarch64.manylinux2014_aarch64.musllinux_1_1_aarch64.whl", hash = "sha256:92a65d7035fdbf8e4ecea8f30ca64e0b74734d56c3fbbc2fc937d5d83c1d7900", size = 1614966, upload-time = "2026-06-19T18:41:11.251Z" },
    { url = "https://files.pythonhosted.org/packages/26/2f/4f60877bf2dc28339acbd8752953b2f33b251ca066df5da8bc1196d26a84/uv_build-0.11.23-py3-none-manylinux_2_17_armv7l.manylinux2014_armv7l.whl", hash = "sha256:e2537f14d8e1d4e31b650c22b5fd7fb754b02f2e4d9368c8e2512e75fd07fa7b", size = 1498805, upload-time = "2026-06-19T18:41:12.776Z" },
    { url = "https://files.pythonhosted.org/packages/3a/ba/f91173c79e7bdacabcbcc9023f8a6fe91f6fbc47ce7bbd7bca5d05f525b0/uv_build-0.11.23-py3-none-manylinux_2_17_i686.manylinux2014_i686.whl", hash = "sha256:92622a37526f95146f52c0a760dc091de5da81f96b009be1b255d206c49a5c6b", size = 1661430, upload-time = "2026-06-19T18:41:14.047Z" },
    { url = "https://files.pythonhosted.org/packages/01/25/c3e862d61f20bbb5234510ef7dcba2342a03b27eb656be9d47cfd5741a9b/uv_build-0.11.23-py3-none-manylinux_2_17_ppc64le.manylinux2014_ppc64le.whl", hash = "sha256:d15554ad8d097ad4f5e0ee91b28e6680bde0807e975729cfaa0676acc031d1ee", size = 1701039, upload-time = "2026-06-19T18:41:15.424Z" },
    { url = "https://files.pythonhosted.org/packages/97/bb/ac7dcfaca06ee90fb1067725a80b595c8d7e518e4a473118e0fcfc7aeedd/uv_build-0.11.23-py3-none-manylinux_2_17_s390x.manylinux2014_s390x.whl", hash = "sha256:745f8009bf18a34b138ed18175193527b68cc4edc1f6b3ac1d82bce22db4fa7b", size = 1607370, upload-time = "2026-06-19T18:41:16.529Z" },
    { url = "https://files.pythonhosted.org/packages/64/30/33ea2353f83f6987928b081105e25d74e49f6e46af12fd1e18efbb7f7e4b/uv_build-0.11.23-py3-none-manylinux_2_17_x86_64.manylinux2014_x86_64.whl", hash = "sha256:c15546a614d60282f39c38390c0dc9114ddb32f9fc3ea0a8d599cc3406377a6f", size = 1619894, upload-time = "2026-06-19T18:41:17.757Z" },
    { url = "https://files.pythonhosted.org/packages/a2/89/edbbab08077f879cbc2815b4b75db1b79b568a4ca8e2b6e70c81f5a2236f/uv_build-0.11.23-py3-none-manylinux_2_28_aarch64.whl", hash = "sha256:5965f289481a7b6ad066ab96bc6ce6f6ba3dbb70c478cdb15a8e26a50823c7b8", size = 1609915, upload-time = "2026-06-19T18:41:19.226Z" },
    { url = "https://files.pythonhosted.org/packages/a4/62/04d5b55131004d30173f9db97bcfc03711c903f9c2875f82249593b812d9/uv_build-0.11.23-py3-none-manylinux_2_31_riscv64.whl", hash = "sha256:0a52bbee38e3391874f8731e1a4acdcec82fde0e6789a40bf80feee9fd7e2a77", size = 1577935, upload-time = "2026-06-19T18:41:20.781Z" },
    { url = "https://files.pythonhosted.org/packages/47/1e/4d2b0de48e69f42d9e8b1944609d7b5acbd37aca5cd0c3d038a81d88560d/uv_build-0.11.23-py3-none-musllinux_1_1_armv7l.whl", hash = "sha256:3ecb0cae63ec6aa12d1a00ec86578eb08c71799d4db0e3022e3df97071d730da", size = 1516758, upload-time = "2026-06-19T18:41:22.128Z" },
    { url = "https://files.pythonhosted.org/packages/4e/72/1619ac806b8a94884e9897b369b94a9bd12e543443aa199f15f59125fccf/uv_build-0.11.23-py3-none-musllinux_1_1_i686.whl", hash = "sha256:cbc11670e19651686a7c23960e39c0ed4f4b26d90958f68bffc0d9b44f268b27", size = 1613330, upload-time = "2026-06-19T18:41:23.351Z" },
    { url = "https://files.pythonhosted.org/packages/2f/e5/a4778f8fe1a5440004fe95d92029d448233a6d3b5ad7714fc90f44071a45/uv_build-0.11.23-py3-none-musllinux_1_1_riscv64.whl", hash = "sha256:ccdc4ad9eebcb8a97ecc612c6431dcd4ae1bd7ca9a6a135de24200f42917aab0", size = 1601262, upload-time = "2026-06-19T18:41:24.55Z" },
    { url = "https://files.pythonhosted.org/packages/0c/18/e14d024c75be7d612cb5983686601a5dbfeb2eae8ba3a8c7a9fbce78189b/uv_build-0.11.23-py3-none-musllinux_1_1_x86_64.whl", hash = "sha256:826ee9c289c6371d3f261368244f9c1249e6449f1a6ff8b13404ef43cd1a3922", size = 1680297, upload-time = "2026-06-19T18:41:25.783Z" },
    { url = "https://files.pythonhosted.org/packages/ac/cd/d65d6b8e8c630dad4d98d62807da53e62713de396b3eb0c78f644da129b0/uv_build-0.11.23-py3-none-win32.whl", hash = "sha256:e316ed965e60913d9569c1d1a2f5e7de015d9bc54ec9d7effc49272f82c94dfb", size = 1458467, upload-time = "2026-06-19T18:41:26.971Z" },
    { url = "https://files.pythonhosted.org/packages/9e/c8/49697ca5a7a50865fa68bbb398cfcdaa597495cde067d953584dbe597523/uv_build-0.11.23-py3-none-win_amd64.whl", hash = "sha256:b2fcc97e7fac9473e2ecea0e4c5f32b52cc49444309c787bf311ab20800b5d3b", size = 1531244, upload-time = "2026-06-19T18:41:28.652Z" },
    { url = "https://files.pythonhosted.org/packages/67/c9/dcfe4bbc036505a87d12cfb14c248f1f24c97baa3f01fedd1e2555e37727/uv_build-0.11.23-py3-none-win_arm64.whl", hash = "sha256:485dc256da1323631a01004771558046424769dc5b82f83ac5f1c53fe003861b", size = 1445451, upload-time = "2026-06-19T18:41:29.896Z" },
]
