version = 1
revision = 3
requires-python = ">=3.10"

[[package]]
name = "fort"
version = "2026.0"
source = { editable = "." }

[package.dev-dependencies]
dev = [
    { name = "psycopg2-binary" },
    { name = "ruff" },
    { name = "ty" },
    { name = "uv-build" },
]

[package.metadata]

[package.metadata.requires-dev]
dev = [
    { name = "psycopg2-binary", specifier = ">=2.9.12" },
    { name = "ruff", specifier = ">=0.16.5" },
    { name = "ty", specifier = ">=0.0.66" },
    { name = "uv-build", specifier = ">=0.12.1" },
]

[[package]]
name = "psycopg2-binary"
version = "2.9.13"
source = { registry = "https://pypi.org/simple" }
sdist = { url = "https://files.pythonhosted.org/packages/ed/76/7b4383014be0fcc6c1c0e24292845a14e1672cf17fca62ca0a2bd5f4563d/psycopg2_binary-2.9.13.tar.gz", hash = "sha256:e324ecf60f952d21dd11413b8bbed0951bbd99579a06fd06f28bfc37737cd373", size = 378112, upload-time = "2026-09-10T00:06:12.199Z" }
wheels = [
    { url = "https://files.pythonhosted.org/packages/4f/5d/4a82fcded401927a320ba4e0fd341f75ec7c83e92f5c1388ba27ccb21f91/psycopg2_binary-2.9.13-cp310-cp310-macosx_10_9_x86_64.whl", hash = "sha256:c519e406287085f43aa0d3061936edf1ba51286093532f215315c6ab8ba92c3b", size = 3725660, upload-time = "2026-09-09T23:54:05.509Z" },
    { url = "https://files.pythonhosted.org/packages/27/ef/e6f9280c2327e52f6c139ab549e57a21202b724384d4697dce5794c59f64/psycopg2_binary-2.9.13-cp310-cp310-macosx_11_0_arm64.whl", hash = "sha256:086659ab083119f7ee87a779e31b94211cf162b708fc9a6bec771f75c73ac3e6", size = 3817358, upload-time = "2026-09-09T23:54:07.829Z" },
    { url = "https://files.pythonhosted.org/packages/03/b2/412c92a391472644e4059dc68cb20bc9bc40be2ca61eeb5882aa86b092d7/psycopg2_binary-2.9.13-cp310-cp310-manylinux2014_ppc64le.manylinux_2_17_ppc64le.whl", hash = "sha256:1f4c7bdbafdf9dc018efbc29213b73f8308332888ba76a4cf503f560bfd21705", size = 4585517, upload-time = "2026-09-09T23:54:10.588Z" },
    { url = "https://files.pythonhosted.org/packages/fd/96/ce330aa1959250e6fd254678e6489b3b39eb956669122ad4b45dde3b02c3/psycopg2_binary-2.9.13-cp310-cp310-manylinux2014_x86_64.manylinux_2_17_x86_64.whl", hash = "sha256:d2fc9342aad969b9a28490a4c3eaba94b35beb2d26e9a39b31d1430378aa71b2", size = 4281153, upload-time = "2026-09-09T23:54:12.423Z" },
    { url = "https://files.pythonhosted.org/packages/ee/29/b41c62219b232c9631db1a8cfb99a93abb9afb8a00291579b830f756ce89/psycopg2_binary-2.9.13-cp310-cp310-manylinux_2_27_aarch64.manylinux_2_28_aarch64.whl", hash = "sha256:f124954a32640dfb5c000d33028f48053930d7ff226bc74cde5fb316f9c6fcb6", size = 5900983, upload-time = "2026-09-09T23:54:14.873Z" },
    { url = "https://files.pythonhosted.org/packages/a0/e9/40febef96f95ebc08754d4a70332fa8da1c280c9fcda420b8896b2f8d855/psycopg2_binary-2.9.13-cp310-cp310-manylinux_2_38_riscv64.manylinux_2_39_riscv64.whl", hash = "sha256:c24c98fe1a113db287dfb1958771eafca97b7db812f23b7897c2a12b6b904c22", size = 4118632, upload-time = "2026-09-09T23:54:17.311Z" },
    { url = "https://files.pythonhosted.org/packages/c7/68/5fef23ee856d70b152a46fe3d33264971bc0daab658d88a76a9e6cab7a28/psycopg2_binary-2.9.13-cp310-cp310-musllinux_1_2_aarch64.whl", hash = "sha256:f4cdfe41149dcc5583a3b7a2f0ad433f75bb3afd1c7a7332e63df89b05e34666", size = 3659631, upload-time = "2026-09-09T23:54:19.396Z" },
    { url = "https://files.pythonhosted.org/packages/a5/be/7b1fe00770083c303a835267dafbcbd7a346ba7b79909652f4ec484ca7fc/psycopg2_binary-2.9.13-cp310-cp310-musllinux_1_2_ppc64le.whl", hash = "sha256:33a6d3c47f9655b481b2cdc1b4bf71c235e054e55663d3066036b6ce5fbe5165", size = 3305176, upload-time = "2026-09-09T23:54:21.532Z" },
    { url = "https://files.pythonhosted.org/packages/76/fe/ef2e4adcb7cf20572235da4d2d24b98788466d4e62ce2db72be865859d0c/psycopg2_binary-2.9.13-cp310-cp310-musllinux_1_2_riscv64.whl", hash = "sha256:202dedd5cadb3e5dfd4d0415ab2fc5d5b44f4208de5308938e3e74ae222b638e", size = 3051629, upload-time = "2026-09-09T23:54:23.634Z" },
    { url = "https://files.pythonhosted.org/packages/42/49/a040b3d596cf4128656d24a5b735b0628bb196d7ab73c0164898ca90e420/psycopg2_binary-2.9.13-cp310-cp310-musllinux_1_2_x86_64.whl", hash = "sha256:db31cf7f617a51625f1473d8a66fc35dac159af8b28e80bc014ed3ee994a9fbf", size = 3353122, upload-time = "2026-09-09T23:54:25.552Z" },
    { url = "https://files.pythonhosted.org/packages/a5/5a/c4b1cdba78d3f60389d768db580cb9255b6bd1f01df98e5131b26322133c/psycopg2_binary-2.9.13-cp310-cp310-win_amd64.whl", hash = "sha256:28eb30bf4a52c1117406f45771038faa96f882fdeeeb0ce43b960a1dbc6c1fd2", size = 2767600, upload-time = "2026-09-09T23:54:27.553Z" },
    { url = "https://files.pythonhosted.org/packages/7b/03/639c96ff8ffb933868252308a9917ff4170d8c7f4bd16cd0ea2536814126/psycopg2_binary-2.9.13-cp311-cp311-macosx_10_9_x86_64.whl", hash = "sha256:d19aec88857d2a52f99eefcefdbbb45921fb2f777bee5186a355a23d9cf8a0b9", size = 3725651, upload-time = "2026-09-09T23:54:29.277Z" },
    { url = "https://files.pythonhosted.org/packages/53/5e/d50eb688e7e6dfd1499e68cf2d02f44a348b88f381cbc2bebeed15e345f4/psycopg2_binary-2.9.13-cp311-cp311-macosx_11_0_arm64.whl", hash = "sha256:32cd049095135d2b69e824aea9056745a4aaaa9115a9febbc65584793665d0d0", size = 3817384, upload-time = "2026-09-09T23:54:31.118Z" },
    { url = "https://files.pythonhosted.org/packages/6c/f3/4004cfbbfc52b9b13ffd499f2103eb05246e92828c7237d2c198e028b95c/psycopg2_binary-2.9.13-cp311-cp311-manylinux2014_ppc64le.manylinux_2_17_ppc64le.whl", hash = "sha256:6e696297891b56ff0115f0665de6ad774e1e301e4f60745b8d5024001ae7c2f6", size = 4585497, upload-time = "2026-09-09T23:54:33.169Z" },
    { url = "https://files.pythonhosted.org/packages/97/63/057c65532bd12cdf9d4f568e59c2a078a38e9ba8f7f251292968dc781905/psycopg2_binary-2.9.13-cp311-cp311-manylinux2014_x86_64.manylinux_2_17_x86_64.whl", hash = "sha256:930e7e58b33a4f9c39e7532d7a40147925cf3372baed4229cbebe0cf3ba9ce6b", size = 4281172, upload-time = "2026-09-09T23:54:35.747Z" },
    { url = "https://files.pythonhosted.org/packages/43/4b/9fd928eaea9ec1e8d74fed83c9e82826f830506ba0d8c58a8fd41ca93656/psycopg2_binary-2.9.13-cp311-cp311-manylinux_2_27_aarch64.manylinux_2_28_aarch64.whl", hash = "sha256:3aea95340825f5ff236e7b40f0b5602c2c77a1e95943f71fae34909834043d29", size = 5900973, upload-time = "2026-09-09T23:54:37.866Z" },
    { url = "https://files.pythonhosted.org/packages/f8/2b/59e1519a22622169e2244f12227b3acde6114ea531a349292f455ab8503f/psycopg2_binary-2.9.13-cp311-cp311-manylinux_2_38_riscv64.manylinux_2_39_riscv64.whl", hash = "sha256:27e539b4cafd5e03dcd32921db1b12dd72fe549dd06bae6d4d2a5b5838465f24", size = 4118611, upload-time = "2026-09-09T23:54:39.739Z" },
    { url = "https://files.pythonhosted.org/packages/87/c7/c3d84e330d1584efa0560b756914f9128b1b6fa2aba93fde54bf101d4f65/psycopg2_binary-2.9.13-cp311-cp311-musllinux_1_2_aarch64.whl", hash = "sha256:0a6444ac48e2c04f691c2ddd542b38ba30c89463a2d446b3d74ec7d8fc90c964", size = 3659643, upload-time = "2026-09-09T23:54:41.882Z" },
    { url = "https://files.pythonhosted.org/packages/af/fc/317d248503aa29a5051ee49a7253daffe1c57e43ba174020e00bbd87c479/psycopg2_binary-2.9.13-cp311-cp311-musllinux_1_2_ppc64le.whl", hash = "sha256:8cb734989420c18ca1b71a82da880e11988f5ff3fcdaadd669161de3e98794ac", size = 3305145, upload-time = "2026-09-09T23:54:43.818Z" },
    { url = "https://files.pythonhosted.org/packages/9d/d2/8b23c57591c6d29a463748ffc634401ce14719dba7e78ab91bcbeac70934/psycopg2_binary-2.9.13-cp311-cp311-musllinux_1_2_riscv64.whl", hash = "sha256:f47f23db2d70db39cfb714b64fd5df76595b51b2ec0a669710a78f2dceb0c3f8", size = 3051614, upload-time = "2026-09-09T23:54:45.548Z" },
    { url = "https://files.pythonhosted.org/packages/4f/f2/b10a046cc19ab1e01b92226eeb6e8653be7e6691939991b2f347995831b1/psycopg2_binary-2.9.13-cp311-cp311-musllinux_1_2_x86_64.whl", hash = "sha256:f28b5f2fa8154d0d97e97a664136f58d1639ca008d45d6e09e69fff24826abee", size = 3353133, upload-time = "2026-09-09T23:54:47.285Z" },
    { url = "https://files.pythonhosted.org/packages/40/2c/dd379facaa4bd41d7b04711ff30931ca62981c00a91502250ffb49da08a7/psycopg2_binary-2.9.13-cp311-cp311-win_amd64.whl", hash = "sha256:70d091f5c3a6177fac50c0da20181ce0e0c053f1e43c872d5f75bd6d9429c020", size = 2771441, upload-time = "2026-09-09T23:54:49.016Z" },
    { url = "https://files.pythonhosted.org/packages/fb/d1/d0125c56b865e3bc9f318d84930b2df71a729229dbb0ce12de748a82a6d7/psycopg2_binary-2.9.13-cp312-cp312-macosx_10_13_x86_64.whl", hash = "sha256:2bf9f97a6df69a5d89d054b8cf5257a0916096c479800715fbfe7974dbcb3a26", size = 3725735, upload-time = "2026-09-09T23:54:51.182Z" },
    { url = "https://files.pythonhosted.org/packages/54/a5/b5a73d0910555e38ee12c49c1740855f8a1e9776e87d65f0c51e1bab762a/psycopg2_binary-2.9.13-cp312-cp312-macosx_11_0_arm64.whl", hash = "sha256:07b7bd9f410650c34c3532162cc329f112368d78a3fc8668cb1ea9df61bc11bf", size = 3818000, upload-time = "2026-09-09T23:54:53.229Z" },
    { url = "https://files.pythonhosted.org/packages/3d/43/3e4783f62ae3f4fc19a5acf8d1c394df54458f1336febe188f317556d2a7/psycopg2_binary-2.9.13-cp312-cp312-manylinux2014_ppc64le.manylinux_2_17_ppc64le.whl", hash = "sha256:0463c00f946517f3e69192a59e6601e023ff9de45ad0a875eda3d6b1bebeb7ce", size = 4585760, upload-time = "2026-09-09T23:54:55.313Z" },
    { url = "https://files.pythonhosted.org/packages/8d/c4/a9a67ae65ad3d567eb0fc9cdf9a5a2783b779aecdcdc8945f1807b13d99e/psycopg2_binary-2.9.13-cp312-cp312-manylinux2014_x86_64.manylinux_2_17_x86_64.whl", hash = "sha256:e3861eba31f8ea8663fd876166b032fd89179e42aa63764d6feb281f13f9eb60", size = 4282380, upload-time = "2026-09-09T23:54:57.362Z" },
    { url = "https://files.pythonhosted.org/packages/b3/db/9d459d3da12e0b841cf1596579455aaa27e9e593e3e9a5a4ded5a55a7c15/psycopg2_binary-2.9.13-cp312-cp312-manylinux_2_27_aarch64.manylinux_2_28_aarch64.whl", hash = "sha256:3dc3372b3731b3ef23407fe06b94f640ef87a2bda242fa386033d5589c87514a", size = 5902039, upload-time = "2026-09-09T23:55:01.955Z" },
    { url = "https://files.pythonhosted.org/packages/d6/53/21079c10a581c50b6817498eda7c3481c1b3cdb41482bd08ebfccd3664c4/psycopg2_binary-2.9.13-cp312-cp312-manylinux_2_38_riscv64.manylinux_2_39_riscv64.whl", hash = "sha256:0405dd4d97720e7ab177aa02e493f524907c4cb3c445ac173e2627948d3d0528", size = 4119840, upload-time = "2026-09-09T23:55:04.336Z" },
    { url = "https://files.pythonhosted.org/packages/c4/ce/71e8d9e1b4f3e78157b49a5abdff50d915e95f2812550f6c9b4f2e4d5e94/psycopg2_binary-2.9.13-cp312-cp312-musllinux_1_2_aarch64.whl", hash = "sha256:b6ae51708201f501a171b02419d0c30878a743c369c9054eb1289f0f8d5979e2", size = 3661077, upload-time = "2026-09-09T23:55:06.118Z" },
    { url = "https://files.pythonhosted.org/packages/d9/54/b17616472f09a0fae96f8852692948b7eaa7c971d7629696da0e5932d996/psycopg2_binary-2.9.13-cp312-cp312-musllinux_1_2_ppc64le.whl", hash = "sha256:81682c227cc1849c4a6adf7b85274229073bb4c9d6ad5697222c695dcea5a8a7", size = 3307202, upload-time = "2026-09-09T23:55:08.061Z" },
    { url = "https://files.pythonhosted.org/packages/77/c7/d9737e222a377dac67a0ce0a2c73e7231a57f5cf18bb35a65d5c8d45d5d2/psycopg2_binary-2.9.13-cp312-cp312-musllinux_1_2_riscv64.whl", hash = "sha256:13d955f6054a705a19554364fe9888d0a6e8b0746dc7ebc08a447c7b4fd4145c", size = 3052893, upload-time = "2026-09-09T23:55:10.209Z" },
    { url = "https://files.pythonhosted.org/packages/7d/3d/c406c9f698f518c264381192c2bdf8952ee84e469ffa9f82db1411f57385/psycopg2_binary-2.9.13-cp312-cp312-musllinux_1_2_x86_64.whl", hash = "sha256:7e2405196a8cfe6cd3e54172a54452dcf85c241eaf2e9dde7190d7469f7f5ef7", size = 3355210, upload-time = "2026-09-09T23:55:11.883Z" },
    { url = "https://files.pythonhosted.org/packages/27/64/6e3a96699770af2d0d49a2002f722c69b656fc27623ff89281cf2b109644/psycopg2_binary-2.9.13-cp312-cp312-win_amd64.whl", hash = "sha256:376ebf7d8aee4b7386b2bac31fdc27911e7e57cd0a88f1e038b8b149398ac008", size = 2767784, upload-time = "2026-09-09T23:55:13.823Z" },
    { url = "https://files.pythonhosted.org/packages/82/0a/795f2869788373cf7d08410341a444196e8ccebbac07a70a8f9a1f60e72f/psycopg2_binary-2.9.13-cp313-cp313-macosx_10_13_x86_64.whl", hash = "sha256:4d66bfd44a46eb88cff0287929a4193fb45166b6c1f84bb1b233cc17ece0813c", size = 3725723, upload-time = "2026-09-09T23:55:15.887Z" },
    { url = "https://files.pythonhosted.org/packages/b5/63/5a9633f4563a73beba69b20a846ddd14c1c6ac072f5e8aab0da97ffabc2a/psycopg2_binary-2.9.13-cp313-cp313-macosx_11_0_arm64.whl", hash = "sha256:f818161d2302b3b3e9c75d5a1d0a5c5679e92e45cfec6432b9d5432dde5ff1f1", size = 3817976, upload-time = "2026-09-09T23:55:18.025Z" },
    { url = "https://files.pythonhosted.org/packages/6c/e2/b2e3b3a4331dc8b58e328cda30f3d0cc43a94b7aaf0c8383efd53dd10e95/psycopg2_binary-2.9.13-cp313-cp313-manylinux2014_ppc64le.manylinux_2_17_ppc64le.whl", hash = "sha256:31db6cba66df5231dfd91d9f69188bec3fe6c8baae384e93a0ce792067ee2d98", size = 4585813, upload-time = "2026-09-09T23:55:20.112Z" },
    { url = "https://files.pythonhosted.org/packages/56/5c/87daea77c4132114d1a5da3a4928dd59446c3b3cc73d288cae08cf0b91a6/psycopg2_binary-2.9.13-cp313-cp313-manylinux2014_x86_64.manylinux_2_17_x86_64.whl", hash = "sha256:f04ada42bcd537adbaf8b7f3140237a204e452a88d0c1831cfce69f7d2e59f4e", size = 4282438, upload-time = "2026-09-09T23:55:22.329Z" },
    { url = "https://files.pythonhosted.org/packages/91/e5/56f9efdc9337acbd1a75798d97163183b63a1babc17602f7163009506c96/psycopg2_binary-2.9.13-cp313-cp313-manylinux_2_27_aarch64.manylinux_2_28_aarch64.whl", hash = "sha256:aa37089795bd9701576edc2eb5849ce77a439eda9dfdfa47857449332cfa5292", size = 5902064, upload-time = "2026-09-09T23:55:24.37Z" },
    { url = "https://files.pythonhosted.org/packages/e4/15/f7ed0b90b47b73a9087306b42267eccfd919f92c0fb057e46bd2fa2efa4d/psycopg2_binary-2.9.13-cp313-cp313-manylinux_2_38_riscv64.manylinux_2_39_riscv64.whl", hash = "sha256:41c2eb569ebd0e1b02d30d361a46932923b193fe1b5e641fb4d547c75e218955", size = 4119848, upload-time = "2026-09-09T23:55:26.433Z" },
    { url = "https://files.pythonhosted.org/packages/42/08/3091347b9fc5766e979aba6b0756ad14ce867a6bb245f3d69ac71fb768c6/psycopg2_binary-2.9.13-cp313-cp313-musllinux_1_2_aarch64.whl", hash = "sha256:3f699a5225094a5c61402984e2fc1eca20e940223e76767c88189efb0c313f69", size = 3661129, upload-time = "2026-09-09T23:55:28.449Z" },
    { url = "https://files.pythonhosted.org/packages/34/c4/4f9a84d55484c9794b364548eb6e1fe10a57f123afd19729e5a1cc8ad7fc/psycopg2_binary-2.9.13-cp313-cp313-musllinux_1_2_ppc64le.whl", hash = "sha256:5f04ae99c9fbb94c3197ec88599ed7db921f6adcddfe83687a74c7ead4037c22", size = 3307262, upload-time = "2026-09-09T23:55:30.384Z" },
    { url = "https://files.pythonhosted.org/packages/83/42/6eba8306a61dc890805ae475a9e71790a1c5461ccacbd4f0a1f3f57b40f0/psycopg2_binary-2.9.13-cp313-cp313-musllinux_1_2_riscv64.whl", hash = "sha256:81404c37e0344ebcf10aac127d33d35137e5dbab1daf9f3deee46188fd5879c2", size = 3052898, upload-time = "2026-09-09T23:55:32.961Z" },
    { url = "https://files.pythonhosted.org/packages/b3/5d/42a8935ab280e8dcd7c07a655c0c3d25d62e9e242be1961ac14630f1294a/psycopg2_binary-2.9.13-cp313-cp313-musllinux_1_2_x86_64.whl", hash = "sha256:feb7b1856f6ca805cc0e08739858f6cdfed8ce903390126af30343c62899a389", size = 3355265, upload-time = "2026-09-09T23:55:35.071Z" },
    { url = "https://files.pythonhosted.org/packages/87/c2/0e0ffb4caeb651631cbc6c8ead83e2a16457750b1d2eb7f5ef111c1f4d36/psycopg2_binary-2.9.13-cp313-cp313-win_amd64.whl", hash = "sha256:691da68ae5dd7c3ac77514357d35ece7b1ba8b5f3e6c92735198aa6159c355c8", size = 2767914, upload-time = "2026-09-09T23:55:37.14Z" },
    { url = "https://files.pythonhosted.org/packages/5f/32/897c074cb99fbdda7d34b0a2546097a59162bb3d04c0d546ae4ec82345e3/psycopg2_binary-2.9.13-cp314-cp314-macosx_10_15_x86_64.whl", hash = "sha256:2ca263643ae37998ae04d18e431df34d0d61f12b47640dab585f14b6dbe00798", size = 3725788, upload-time = "2026-09-09T23:55:39.04Z" },
    { url = "https://files.pythonhosted.org/packages/0f/f4/e3a789de34c9ac25d20b25c2be583da16394a2ba0926da1c863653831f41/psycopg2_binary-2.9.13-cp314-cp314-macosx_11_0_arm64.whl", hash = "sha256:4c0214c7da18a28d108aa7108c8a3cca8035c7911ec97ef9ec0827569c9a2720", size = 3818111, upload-time = "2026-09-09T23:55:40.979Z" },
    { url = "https://files.pythonhosted.org/packages/72/29/647724c43ac510dbc59b80e20e85d439deb94f5d5a024153c32330fa041d/psycopg2_binary-2.9.13-cp314-cp314-manylinux2014_ppc64le.manylinux_2_17_ppc64le.whl", hash = "sha256:5d89e064bb12b40cad696cf4975e6da86f8c60f14cd06cb6c1bc0a7f5d01761f", size = 4586235, upload-time = "2026-09-09T23:55:43.012Z" },
    { url = "https://files.pythonhosted.org/packages/91/ad/7f52f92cc65c23778daff7eec4ee2099236694a0a4723a5f180d0708b607/psycopg2_binary-2.9.13-cp314-cp314-manylinux2014_x86_64.manylinux_2_17_x86_64.whl", hash = "sha256:190c18b97d9ef72f2e88c451b6588af90d6bd7bf54cb94b963280dc86a2c7076", size = 4282424, upload-time = "2026-09-09T23:55:44.843Z" },
    { url = "https://files.pythonhosted.org/packages/3d/2a/1a472059b198942d99651656e2bc610575584478bfe68d297ecabbd4887f/psycopg2_binary-2.9.13-cp314-cp314-manylinux_2_27_aarch64.manylinux_2_28_aarch64.whl", hash = "sha256:c00ebe9a2f31151aade0db233dc1446513a95e92c39ce055ee097af0ae86be1c", size = 5902365, upload-time = "2026-09-09T23:55:46.619Z" },
    { url = "https://files.pythonhosted.org/packages/91/1a/171ea5dac7b3a0fa57b3cb59c2ad6d7b8bc60732368fecfd2ed1f1288392/psycopg2_binary-2.9.13-cp314-cp314-manylinux_2_38_riscv64.manylinux_2_39_riscv64.whl", hash = "sha256:5085f7ff7b1e890f279577cedeb8c628957869a340fa34a39f7f406500b3c916", size = 4119938, upload-time = "2026-09-09T23:55:49.381Z" },
    { url = "https://files.pythonhosted.org/packages/41/ce/3c6d4ad71853a59eee6a575fe36df4bb40752a9735a27bd62af66b454ed5/psycopg2_binary-2.9.13-cp314-cp314-musllinux_1_2_aarch64.whl", hash = "sha256:4e55357d1943673d491bbabb171c891704fc6a22441fea539e05a5c27a79ea3c", size = 3661557, upload-time = "2026-09-09T23:55:51.269Z" },
    { url = "https://files.pythonhosted.org/packages/10/a3/1819a01bf951eab2afb5ca2a3d11f50500bf536fecff088154372a8d1985/psycopg2_binary-2.9.13-cp314-cp314-musllinux_1_2_ppc64le.whl", hash = "sha256:3e60b06ec7f9dc3e5f1106d12706514b6d6b92c3dc438fcdf4e43e65cc660d1b", size = 3307770, upload-time = "2026-09-09T23:55:53.196Z" },
    { url = "https://files.pythonhosted.org/packages/4e/df/22f4aec952cd5b2dd02f438399583ed69f7d04b90e7c31659d9571bbe188/psycopg2_binary-2.9.13-cp314-cp314-musllinux_1_2_riscv64.whl", hash = "sha256:dde942b46ce20f6c4464cdf551f3293207f803f4e4354454eb1f5599c3eb1fa1", size = 3052935, upload-time = "2026-09-09T23:55:55.117Z" },
    { url = "https://files.pythonhosted.org/packages/95/42/aab651bc22bafa961806ca3b21027bb0739a2730b0e6f7f0778baeb95e67/psycopg2_binary-2.9.13-cp314-cp314-musllinux_1_2_x86_64.whl", hash = "sha256:215777c62ce81c3b487cefdb6a41969944eb982309f91349ff3ca0323d6f17ed", size = 3355387, upload-time = "2026-09-09T23:55:57.366Z" },
    { url = "https://files.pythonhosted.org/packages/bc/af/3b8220633eaf955e95ea7be67d76e81a0d1cd3c76362ea504b91ffa079db/psycopg2_binary-2.9.13-cp314-cp314-win_amd64.whl", hash = "sha256:f3088eb80f58ed933c62d87128741d31e786edc862e23266d3c286763d646de0", size = 2863890, upload-time = "2026-09-09T23:55:59.056Z" },
    { url = "https://files.pythonhosted.org/packages/6e/f1/377d17fc8425220d17552691cd2b97aa232da92173f5dead71278b83f8ab/psycopg2_binary-2.9.13-cp315-cp315-macosx_10_15_x86_64.whl", hash = "sha256:38397def2d794ffde9db80f63d6820253e61b17483112652a318355f51a56f50", size = 3725913, upload-time = "2026-09-09T23:56:00.736Z" },
    { url = "https://files.pythonhosted.org/packages/67/64/27208e67cd6e663f69bf7bf905cf69db066a015c90ac9ca948a56a8e9d78/psycopg2_binary-2.9.13-cp315-cp315-macosx_11_0_arm64.whl", hash = "sha256:dff5c70ed9789ccb0d97ff4a7da51dc523a255c4ec95df188fa5d44adcae4ea8", size = 3818303, upload-time = "2026-09-09T23:56:02.551Z" },
    { url = "https://files.pythonhosted.org/packages/6b/98/67d2f34a1d18367b5f655bdd101759f8474286c74ffe701b7d6e3abd7fda/psycopg2_binary-2.9.13-cp315-cp315-manylinux2014_ppc64le.manylinux_2_17_ppc64le.whl", hash = "sha256:08d3b81a6a91775c937abf97d4c58fc9142e8e35fb91c387d24f81d15c98e6cf", size = 4586508, upload-time = "2026-09-09T23:56:04.706Z" },
    { url = "https://files.pythonhosted.org/packages/bb/47/46c227deaf322dceafa0b7b321b4e5de9cc797014b7a353349b2e09b1118/psycopg2_binary-2.9.13-cp315-cp315-manylinux2014_x86_64.manylinux_2_17_x86_64.whl", hash = "sha256:541a487a9ccd72b5e38f37f27b0ce78cb7eb3e336e7b5277d45463010c03a7a8", size = 4282383, upload-time = "2026-09-09T23:56:06.678Z" },
    { url = "https://files.pythonhosted.org/packages/f4/3c/e8705ffa381160d842eaf06a8446e8416f1a2497dd70a7e62277f3be6e7a/psycopg2_binary-2.9.13-cp315-cp315-manylinux_2_27_aarch64.manylinux_2_28_aarch64.whl", hash = "sha256:562fe2a43b30e781848dce63d9080c15414c777c96df348c4342558338cc7bf3", size = 5902765, upload-time = "2026-09-09T23:56:08.634Z" },
    { url = "https://files.pythonhosted.org/packages/53/cc/359821c18317228b8032456a3740c98045b719ed003a594b9ebac9330b86/psycopg2_binary-2.9.13-cp315-cp315-manylinux_2_38_riscv64.manylinux_2_39_riscv64.whl", hash = "sha256:dddfe650e7dda464d676c27fbedb5061f1ad05e1604627f54c770d7f799d36e9", size = 4122849, upload-time = "2026-09-09T23:56:10.671Z" },
    { url = "https://files.pythonhosted.org/packages/17/e5/4d935acb6d3258c7a767b3d527e54c0b537649101b55002a5dbcfe747e2a/psycopg2_binary-2.9.13-cp315-cp315-musllinux_1_2_aarch64.whl", hash = "sha256:4ff0f575cbb14f30445858dcfdd751e043486f5290915df78a9818bc74042eff", size = 3662084, upload-time = "2026-09-09T23:56:12.316Z" },
    { url = "https://files.pythonhosted.org/packages/89/56/9e9bbc7c773c5de7bb25dd35d7f041c2a6f0fcfa9207a1ceaf01a1bc687c/psycopg2_binary-2.9.13-cp315-cp315-musllinux_1_2_ppc64le.whl", hash = "sha256:d79530b4c1af657d5620a1d21b8e39f2996aa06821d5564d05b22d6b8cd413d0", size = 3308077, upload-time = "2026-09-09T23:56:15.262Z" },
    { url = "https://files.pythonhosted.org/packages/36/fa/ed742cd4e5dbddcb44702f9c4a97f7f5b62d97e3d9d00907ecc8ac750ef4/psycopg2_binary-2.9.13-cp315-cp315-musllinux_1_2_riscv64.whl", hash = "sha256:6ede8595767e19d30a7e8a84a7d47bfde6176d45d194fed08dbb68d1584a780b", size = 3055143, upload-time = "2026-09-09T23:56:17.168Z" },
    { url = "https://files.pythonhosted.org/packages/d5/3a/5c2cb71a844ee236be2ce91b286d797e34a21489909357c7cfba0f5c0197/psycopg2_binary-2.9.13-cp315-cp315-musllinux_1_2_x86_64.whl", hash = "sha256:0ebcf3c4266a695df9d0ef51296155f60c86ac51cf82f0d0dd2e827255a891c5", size = 3355374, upload-time = "2026-09-09T23:56:18.793Z" },
    { url = "https://files.pythonhosted.org/packages/e8/30/3991c9fdcca90a5a1e55435292f4d74d176da2be15f3998f6858da3658cc/psycopg2_binary-2.9.13-cp315-cp315-win_amd64.whl", hash = "sha256:1752b9821f1377404d65ac43af03d59a1eccc57fb2c1eb8305f9a3fe8eb7a8ba", size = 2867246, upload-time = "2026-09-09T23:56:20.501Z" },
]

[[package]]
name = "ruff"
version = "0.16.6"
source = { registry = "https://pypi.org/simple" }
sdist = { url = "https://files.pythonhosted.org/packages/a4/7c/6adb35d70e7c027e308274557901c7e00fb3407750faf3620c184ae058cb/ruff-0.16.6.tar.gz", hash = "sha256:dcf8a73d2ff77e99dde91244b4da16feba7f14e6beeb4015dee7c5a909e99050", size = 4921251, upload-time = "2026-09-03T16:57:29.037Z" }
wheels = [
    { url = "https://files.pythonhosted.org/packages/a4/28/9cc1b79639e284ec103f43c88c644db4eb58cbd0ea1ca11f1193435369ac/ruff-0.16.6-py3-none-linux_armv6l.whl", hash = "sha256:61c368c26bf8e973e5ab14a2772de587bc068ea3f9a277f673380749b4898fb8", size = 10015638, upload-time = "2026-09-03T16:56:40.986Z" },
    { url = "https://files.pythonhosted.org/packages/71/11/627d342ef727ea7794edf74fe23d60a074b02c3acc2e9436684e782286ca/ruff-0.16.6-py3-none-macosx_10_12_x86_64.whl", hash = "sha256:ecf4f068e2e123e43a26e9db4e19524cc56563912404e83bbfca375757e45a32", size = 10220762, upload-time = "2026-09-03T16:56:44.681Z" },
    { url = "https://files.pythonhosted.org/packages/43/d9/b75668ce41e4c8d073d18d6d08672ba6906ce45d5c06ea4fdb2e84ce3853/ruff-0.16.6-py3-none-macosx_11_0_arm64.whl", hash = "sha256:99b62ea33baf130f50368798d841f0d95527b6d817bf31817b65dd058f1d314c", size = 9835082, upload-time = "2026-09-03T16:56:47.142Z" },
    { url = "https://files.pythonhosted.org/packages/99/97/123ab10b05cde889c107c20f5a9774955104b5552796a2a8584b089ae8eb/ruff-0.16.6-py3-none-manylinux_2_17_aarch64.manylinux2014_aarch64.whl", hash = "sha256:7fbf89013f2bb3f6835a6038ff658dc8a1b38c98dc8e724b964168ad4e881876", size = 9949304, upload-time = "2026-09-03T16:56:49.813Z" },
    { url = "https://files.pythonhosted.org/packages/3e/58/a4a2c59dd2e5b85929c912d9cac3056eb9ee8c7e75e9b9fe3e109174966b/ruff-0.16.6-py3-none-manylinux_2_17_armv7l.manylinux2014_armv7l.whl", hash = "sha256:56a67065e22efa6bc4d498299d3bb06c0c90aace8fac2068b5a12f9dc4d8d51d", size = 9840612, upload-time = "2026-09-03T16:56:52.368Z" },
    { url = "https://files.pythonhosted.org/packages/61/6a/ff8c8626a786c4f49d48ced4a752dadbca65f5263005f9c2416578194694/ruff-0.16.6-py3-none-manylinux_2_17_i686.manylinux2014_i686.whl", hash = "sha256:e25cc89174874b176a157e4428d66761c2c0c006654419bf384f967f361ff1b1", size = 10543465, upload-time = "2026-09-03T16:56:55.089Z" },
    { url = "https://files.pythonhosted.org/packages/ad/bb/c47535923365f337b82e28192e4e9eef2176511007cfd99a62fc22df5dad/ruff-0.16.6-py3-none-manylinux_2_17_ppc64le.manylinux2014_ppc64le.whl", hash = "sha256:0700580ed5303723cb3c11c2f1d2a8913ce77b7ea86646dddb887f5417a9ba70", size = 11267576, upload-time = "2026-09-03T16:56:57.791Z" },
    { url = "https://files.pythonhosted.org/packages/ba/50/e5119a5212b5cd63b51e1f4b25e7bd636a6668fc069a3160b108ad7e3c16/ruff-0.16.6-py3-none-manylinux_2_17_s390x.manylinux2014_s390x.whl", hash = "sha256:15f1d0b6e165a6e56567befb6629f8209271311d990bae0f37e6d065035ef5f3", size = 10781993, upload-time = "2026-09-03T16:57:00.666Z" },
    { url = "https://files.pythonhosted.org/packages/8b/98/083d8b4ef3c51a0d19db84367791cbe9f44e4b53343d19dfa83556e1cd9a/ruff-0.16.6-py3-none-manylinux_2_17_x86_64.manylinux2014_x86_64.whl", hash = "sha256:d72c591a96986ee4268860e2b7235082129ca5e4cb9cbba653a4b57c11893757", size = 10317748, upload-time = "2026-09-03T16:57:03.428Z" },
    { url = "https://files.pythonhosted.org/packages/9a/29/68f7ff2c5ad95f19f00627ac2de95644e25fe47371ea60b2db1fd952315e/ruff-0.16.6-py3-none-manylinux_2_31_riscv64.whl", hash = "sha256:65a006baa18f33324325814c864daef03541d51564b98c517610ea756ab7003e", size = 10540096, upload-time = "2026-09-03T16:57:06.182Z" },
    { url = "https://files.pythonhosted.org/packages/c4/f9/79a8f6de85968641d68a7863aeec577551924ef066a990a48ff93167beab/ruff-0.16.6-py3-none-musllinux_1_2_aarch64.whl", hash = "sha256:cd02a7bf1a21a8735228a3e8c95a9dc5cf86bd2a52194f4aaae2a5755b4de0f4", size = 10100494, upload-time = "2026-09-03T16:57:09.194Z" },
    { url = "https://files.pythonhosted.org/packages/d9/e8/b81a22d9b90c00b892ccf2fa2ac36fa95de4c13ab85aea3e73795cfe4651/ruff-0.16.6-py3-none-musllinux_1_2_armv7l.whl", hash = "sha256:31b36f1e5ad85e0737f09d2be4e512e2e283583c14015da3b9dc07359ac0fc88", size = 9843663, upload-time = "2026-09-03T16:57:12.168Z" },
    { url = "https://files.pythonhosted.org/packages/39/aa/54f516ec5e5a11c4afdceb1c454ebb054ffb96e4f4a1705580b4346abd35/ruff-0.16.6-py3-none-musllinux_1_2_i686.whl", hash = "sha256:61029b4ab4aa723fd3064fab96b1d814492596bf0c792679fffcbde1e1679953", size = 10282461, upload-time = "2026-09-03T16:57:15.077Z" },
    { url = "https://files.pythonhosted.org/packages/52/0b/38d0aa8aa32372b96dc44f97b22e576c4147808271aab7b2cb1e353d4445/ruff-0.16.6-py3-none-musllinux_1_2_x86_64.whl", hash = "sha256:9ac8998457832c2061709d900856b7ad271dace0cb41f346588d540162bfa718", size = 10728808, upload-time = "2026-09-03T16:57:17.797Z" },
    { url = "https://files.pythonhosted.org/packages/5e/e5/9e274e24eeb027640ffc7442f21239f16d17f47acec15ae34f32e03a5c79/ruff-0.16.6-py3-none-win32.whl", hash = "sha256:0b87d9d16fcb63e8018423ca1d50b7260f15cb2da33e30db4baad4183a948c25", size = 10049212, upload-time = "2026-09-03T16:57:20.55Z" },
    { url = "https://files.pythonhosted.org/packages/22/31/72472449414223ed1a2da236b992adbb1a2ae59e34794574810f60ce068e/ruff-0.16.6-py3-none-win_amd64.whl", hash = "sha256:10d21c51c3495d8eaea7b703a16592117ea6eb1d649e36335aa965ff1173eb39", size = 10556402, upload-time = "2026-09-03T16:57:23.501Z" },
    { url = "https://files.pythonhosted.org/packages/fc/07/d781f8f8e1ac24bef9f3269cf62ffb1407ca24c3a8f12e5e22874f90528c/ruff-0.16.6-py3-none-win_arm64.whl", hash = "sha256:7a976c79b958f94e50a022a19f0f8c87387448020935ec14fc74331bd0a7f2c5", size = 10412850, upload-time = "2026-09-03T16:57:26.416Z" },
]

[[package]]
name = "ty"
version = "0.0.79"
source = { registry = "https://pypi.org/simple" }
sdist = { url = "https://files.pythonhosted.org/packages/b5/d3/4fff47468a976c7a5ded9fe350734ca09b9e8460750327f2245ea3288d5d/ty-0.0.79.tar.gz", hash = "sha256:159a1aca70edebae32be08bfba2e5d543ffd8f9f380af160e0e713e85313b733", size = 7162150, upload-time = "2026-09-07T21:51:58.065Z" }
wheels = [
    { url = "https://files.pythonhosted.org/packages/90/a3/2fa5b5495fe37351d77571eb0985476461be02c822bb39ad669b9fdb5bb8/ty-0.0.79-py3-none-linux_armv6l.whl", hash = "sha256:f60d968bbc6d52b663d3df4cae647d3cc68df4a7135bd9098e8d570bf9a5e0da", size = 13557478, upload-time = "2026-09-07T21:51:14.089Z" },
    { url = "https://files.pythonhosted.org/packages/f5/f0/1659a926d2b19351839ca64787e1531c97fbe8bf35c3c47d20954f338428/ty-0.0.79-py3-none-macosx_10_12_x86_64.whl", hash = "sha256:4c95ae0ca67483c4f1231c4b2fd332b76f212e8d93154c385d77511d90dcbd8e", size = 13163780, upload-time = "2026-09-07T21:51:17.066Z" },
    { url = "https://files.pythonhosted.org/packages/e2/b2/e0a8a8cf58b39f0d1f509a22550aed1e2cc12bb4a868170b43aede9fcd93/ty-0.0.79-py3-none-macosx_11_0_arm64.whl", hash = "sha256:685888adb29b6e732ee325c6b6db92a422f72f3e4031c12450728c846e5e93fe", size = 12964040, upload-time = "2026-09-07T21:51:19.818Z" },
    { url = "https://files.pythonhosted.org/packages/88/a7/7d8fb6c958d88a63ad932421eff8848267bb9229136ef65d9f372aa2be7a/ty-0.0.79-py3-none-manylinux_2_17_aarch64.manylinux2014_aarch64.whl", hash = "sha256:b0535640db5dc02f9e14bf419ad2cf3acdd49681e70f233c96e96d16cfcefc00", size = 13010025, upload-time = "2026-09-07T21:51:22.468Z" },
    { url = "https://files.pythonhosted.org/packages/e3/4c/94aee26446f058e67b2c8ef0b25bdc1cf555e40eb692112d7a609f30c238/ty-0.0.79-py3-none-manylinux_2_17_armv7l.manylinux2014_armv7l.whl", hash = "sha256:48cb24e21488f9d11cffa81d5a5f71f314c87383b7a5d28dabe6feaa3f3d7a34", size = 13332191, upload-time = "2026-09-07T21:51:25.031Z" },
    { url = "https://files.pythonhosted.org/packages/6c/21/9e7c0415fa6275500f10ce13f2bad62e03211ba5f3ea61a702d819328407/ty-0.0.79-py3-none-manylinux_2_17_i686.manylinux2014_i686.whl", hash = "sha256:1a35b3b116a591a68da5958c082247f0c3a50f134d0a60ff45d060eb3d2ad612", size = 14153955, upload-time = "2026-09-07T21:51:27.421Z" },
    { url = "https://files.pythonhosted.org/packages/0d/5f/b27b510f973a314200cfda4f0500de3c65f6caa45a590355f6acc5e96289/ty-0.0.79-py3-none-manylinux_2_17_ppc64le.manylinux2014_ppc64le.whl", hash = "sha256:fcb760f059d660dfd5c9c6c33609478a267c3185c7448d72e6f7ff4572796bae", size = 14594578, upload-time = "2026-09-07T21:51:30.345Z" },
    { url = "https://files.pythonhosted.org/packages/a6/fa/0ccc2e510c1c24682ae21c836c09be6dcf0b1aacab071c51a297d301601f/ty-0.0.79-py3-none-manylinux_2_17_s390x.manylinux2014_s390x.whl", hash = "sha256:fcdc1ae0c740f9b6d6536ffecf485616a8909bed5de88c6e870a65546a6a2d91", size = 14266409, upload-time = "2026-09-07T21:51:32.868Z" },
    { url = "https://files.pythonhosted.org/packages/e8/c3/3a404d44e9768578daf7dfda06cba714eda6feac53272eda295947a8d4c7/ty-0.0.79-py3-none-manylinux_2_17_x86_64.manylinux2014_x86_64.whl", hash = "sha256:0c1e77d58e192c81b958783328b303ceda8706328a307c852ceb257505765458", size = 13658441, upload-time = "2026-09-07T21:51:35.283Z" },
    { url = "https://files.pythonhosted.org/packages/f6/23/b90a512055fdf6356e95c0f745cb9b443b9a4ac9d3a79f07ae6ed53ae9ca/ty-0.0.79-py3-none-manylinux_2_31_riscv64.whl", hash = "sha256:a87f52183b976d9eda5fad28405b37621a265c3de5e9e279660556c715ed1805", size = 14195669, upload-time = "2026-09-07T21:51:37.848Z" },
    { url = "https://files.pythonhosted.org/packages/b0/05/d051248dcff852e8a3165a2feb164dc5b857ef237fa82e7ea2b3b7bac375/ty-0.0.79-py3-none-musllinux_1_2_aarch64.whl", hash = "sha256:fb429a44bc9e90649e69f739d70db4a305102a36586a810caee00c984c379997", size = 13127929, upload-time = "2026-09-07T21:51:40.431Z" },
    { url = "https://files.pythonhosted.org/packages/5a/d1/60b5c980df55b1d5010a41b10d7c8cf6111b5d02ec0807f6f782bb3d88aa/ty-0.0.79-py3-none-musllinux_1_2_armv7l.whl", hash = "sha256:1d857fa34d60b0981cf12ca19180ae5de70dd46306a9277bee772bb09e82ae5c", size = 13334425, upload-time = "2026-09-07T21:51:42.956Z" },
    { url = "https://files.pythonhosted.org/packages/9b/3c/fcbfa731128f06b1c9be5074f51ce47da06842dc8f33c81e7c1c483b6e91/ty-0.0.79-py3-none-musllinux_1_2_i686.whl", hash = "sha256:a95cffa2f30289b0b949db7611ae96ede0352f0f1d7ba07ea7cabb27616fccb9", size = 13629671, upload-time = "2026-09-07T21:51:45.467Z" },
    { url = "https://files.pythonhosted.org/packages/0e/00/3004a1d375c2a835c7dbf01c480205a190f24b74c8b5c849fd2dbe078d69/ty-0.0.79-py3-none-musllinux_1_2_x86_64.whl", hash = "sha256:d33df0f1bdee62dc366551d35b9830b1fa2e9ee2936a437abd435f71b3fce73e", size = 13939769, upload-time = "2026-09-07T21:51:48.033Z" },
    { url = "https://files.pythonhosted.org/packages/10/7d/f357f5768872ffa3a026707477a880aba7582af5f6c7c7eab74f61167f3d/ty-0.0.79-py3-none-win32.whl", hash = "sha256:ca266de079a187ed6f0f5b802f6fc3b26164753c7347a04daed21d86c938d33d", size = 12833644, upload-time = "2026-09-07T21:51:50.766Z" },
    { url = "https://files.pythonhosted.org/packages/f9/f5/2a2d967be6286ee8fb626161e610fd48624ba5e6712cea932adb2d6b40b6/ty-0.0.79-py3-none-win_amd64.whl", hash = "sha256:88cb357d36ad79181015581365769fff4b1ec580cd12de83addfa98663214fd3", size = 13494258, upload-time = "2026-09-07T21:51:53.105Z" },
    { url = "https://files.pythonhosted.org/packages/8b/74/49b88f104f88d9757497758bf57ba53e3612442b49500d1092d4d6f1daa3/ty-0.0.79-py3-none-win_arm64.whl", hash = "sha256:d29da73f2840ae2631bc62ef8f8d509a94edea596e5b3072851f67e4729d744c", size = 13327517, upload-time = "2026-09-07T21:51:55.602Z" },
]

[[package]]
name = "uv-build"
version = "0.12.11"
source = { registry = "https://pypi.org/simple" }
sdist = { url = "https://files.pythonhosted.org/packages/4e/f5/2a29b1b3b4bdd34677146e3960239de7cd27e1ec947db614e7bf00c21042/uv_build-0.12.11.tar.gz", hash = "sha256:63055cac20756cf4e702608fde72021e6ee48db5021cfa2e1b398c876cf32834", size = 424313, upload-time = "2026-09-08T20:44:23.761Z" }
wheels = [
    { url = "https://files.pythonhosted.org/packages/77/ec/6065421f889870b7efe3ade67f8c2924066ba41a45be6a7522fceb216459/uv_build-0.12.11-py3-none-linux_armv6l.whl", hash = "sha256:5177bd7473b6eb27f20a3d34d485115defe7dc5e17933a6e3326f2751269aeff", size = 1520432, upload-time = "2026-09-08T20:43:59.956Z" },
    { url = "https://files.pythonhosted.org/packages/7b/c8/d85fc3d42756472d511cb4f80d6645cf83da3558abcfa07e81862eac8215/uv_build-0.12.11-py3-none-macosx_10_12_x86_64.whl", hash = "sha256:258b5074f1a0a86f3e5ab718ce1ac2e952910d7d5f7bbd844636da9e28061f73", size = 1451666, upload-time = "2026-09-08T20:44:01.619Z" },
    { url = "https://files.pythonhosted.org/packages/3c/62/90f7b27a4b5753b2961e0271a495d182d05cb24b6ccc9d08c9782477f70b/uv_build-0.12.11-py3-none-macosx_11_0_arm64.whl", hash = "sha256:17f8575c855e85eb6959783027264f77caaf116cd4c5decaf819eb871a0d79af", size = 1392067, upload-time = "2026-09-08T20:44:02.774Z" },
    { url = "https://files.pythonhosted.org/packages/f8/f6/d1abdd76084ed076140ae4834d527d3af26d2d12ff329d4a9833a9b5ae40/uv_build-0.12.11-py3-none-manylinux_2_17_aarch64.manylinux2014_aarch64.musllinux_1_1_aarch64.whl", hash = "sha256:6aab561135bfb80db129115d29e9442c9b14768c5738a4f190cd6189fdf07028", size = 1602032, upload-time = "2026-09-08T20:44:03.889Z" },
    { url = "https://files.pythonhosted.org/packages/e4/38/82ec688931a1dd196d97b75a7597330275c53c10cce178cbb05ac3836511/uv_build-0.12.11-py3-none-manylinux_2_17_armv7l.manylinux2014_armv7l.whl", hash = "sha256:050e2a4c83215e06b314b979777006e3dc013e95a9e60d4241d1866d32e84f74", size = 1486709, upload-time = "2026-09-08T20:44:05.302Z" },
    { url = "https://files.pythonhosted.org/packages/1b/ac/5021c3e856e1d4378579fca8d66248463163b9b04d80820d94b9020ecf41/uv_build-0.12.11-py3-none-manylinux_2_17_i686.manylinux2014_i686.whl", hash = "sha256:e2405c3ac22d71f8e377ad13bdc25fae341e7733b3ae398b537145ab645581d4", size = 1645613, upload-time = "2026-09-08T20:44:06.42Z" },
    { url = "https://files.pythonhosted.org/packages/09/f1/31d4a6946edcf14b3e95574aaf0007b3f35112d71c4258fa698d8457c12f/uv_build-0.12.11-py3-none-manylinux_2_17_ppc64le.manylinux2014_ppc64le.whl", hash = "sha256:ea185a33739029e4dbfb7a4f5601adbf680efc480434779b9716a1852d0d39ee", size = 1681338, upload-time = "2026-09-08T20:44:07.618Z" },
    { url = "https://files.pythonhosted.org/packages/d8/a3/70943728a7508a5d2a54197f81e703cd39d1d6e68b07154a876e07763790/uv_build-0.12.11-py3-none-manylinux_2_17_s390x.manylinux2014_s390x.whl", hash = "sha256:db25b88b3a8add561492b96de6b085c78961fb2afe4c4a42cb55421d7ef8d83e", size = 1584264, upload-time = "2026-09-08T20:44:09.271Z" },
    { url = "https://files.pythonhosted.org/packages/6a/8d/71347ff86391bad265cdbac95bccf9eddf41ad550c94f0d1c78f58bf2337/uv_build-0.12.11-py3-none-manylinux_2_17_x86_64.manylinux2014_x86_64.whl", hash = "sha256:67786ee15ed7a4549cb62d30f818c388a793d369d118c7ba32e4ec0c33d5bf8d", size = 1608968, upload-time = "2026-09-08T20:44:10.699Z" },
    { url = "https://files.pythonhosted.org/packages/26/ff/0d9e3b4516f54eae3d83d7ca421ae1b65e28f786050866f7b4327db539be/uv_build-0.12.11-py3-none-manylinux_2_28_aarch64.whl", hash = "sha256:92a0a46dd63d63b2743e644a0703b189ada438e43537a1b20bad532b63432530", size = 1607996, upload-time = "2026-09-08T20:44:11.969Z" },
    { url = "https://files.pythonhosted.org/packages/8d/e7/423abccfc8c6ade6611a5fb3f022d57746d50215c1475726e8382851509d/uv_build-0.12.11-py3-none-manylinux_2_31_riscv64.whl", hash = "sha256:b9bf2887d16417f25cd53d0e73e645b1921523e74fdd38469c2a9308c3d2f522", size = 1570320, upload-time = "2026-09-08T20:44:13.37Z" },
    { url = "https://files.pythonhosted.org/packages/5b/0c/39254515d56bfee50924a067108350961f3a36d14c51f2592306f8a6fd80/uv_build-0.12.11-py3-none-musllinux_1_1_armv7l.whl", hash = "sha256:9f5f050cb8d5b2d38e488b1e1ffc7633b96f7efc158a0b8b9217631b7048491f", size = 1501130, upload-time = "2026-09-08T20:44:14.691Z" },
    { url = "https://files.pythonhosted.org/packages/7f/de/cfca1082bf0a8927e24e5252831924fdc4552fe99657c47a4c467bd9161d/uv_build-0.12.11-py3-none-musllinux_1_1_i686.whl", hash = "sha256:5dc869c8969bb047df30c10d7bf9d780ef729c2d1ae0db431ddf34b58f6a3875", size = 1596365, upload-time = "2026-09-08T20:44:16.069Z" },
    { url = "https://files.pythonhosted.org/packages/5e/da/52dc7497c3b344d6463905234e27a6e497062d5bcb4bd99aa420eee4b453/uv_build-0.12.11-py3-none-musllinux_1_1_riscv64.whl", hash = "sha256:5f73dd2f8948727326de3d4d4ff7c5e8133384ae68a511b2fa07845410326553", size = 1588876, upload-time = "2026-09-08T20:44:17.335Z" },
    { url = "https://files.pythonhosted.org/packages/75/82/7fff16476778aec44c9c7016d8e62e3d0cc772ac0a97ab992614661c966f/uv_build-0.12.11-py3-none-musllinux_1_1_x86_64.whl", hash = "sha256:f9f6697759e783de2015bbcfb9eb5e64de47e5787d589f4f6d4a425ed850f586", size = 1668389, upload-time = "2026-09-08T20:44:18.531Z" },
    { url = "https://files.pythonhosted.org/packages/7a/a9/ffd2197e8779e6643f19467fb78ee504e625e809729984e9d4e69aaf076b/uv_build-0.12.11-py3-none-win32.whl", hash = "sha256:9ff095e0eb5e3af739800a2d00b6189f1949da3c37585db2005e2e93431a43d4", size = 1408102, upload-time = "2026-09-08T20:44:19.815Z" },
    { url = "https://files.pythonhosted.org/packages/20/7c/6a9b466cbac64c1016a612baf0050cb4e309ae17817b80e7f0deca0a2ef4/uv_build-0.12.11-py3-none-win_amd64.whl", hash = "sha256:c309499e57d6830814e83d85ac10b550fba496236feb75c1af17a1738d382282", size = 1474536, upload-time = "2026-09-08T20:44:21.002Z" },
    { url = "https://files.pythonhosted.org/packages/76/68/6a80c159d8716e8da3f52f6a19f64d587cc7a4609e975413cae8b4398f03/uv_build-0.12.11-py3-none-win_arm64.whl", hash = "sha256:20551e6aceac24e0a431f9872315ffeaf3bc1b5f9144436eed3aa2d196774ac2", size = 1394262, upload-time = "2026-09-08T20:44:22.393Z" },
]
